{
  "version": 4,
  "terraform_version": "0.15.3",
  "serial": 82,
  "lineage": "61fb489e-568f-bf43-f613-a4af75b3dac7",
  "outputs": {
    "cidr": {
      "value": "10.0.0.0/16",
      "type": "string"
    },
    "ec2_instance_private_ips": {
      "value": [
        "10.0.12.98"
      ],
      "type": [
        "tuple",
        [
          "string"
        ]
      ]
    },
    "ec2_instance_public_ips": {
      "value": [
        "13.52.253.186"
      ],
      "type": [
        "tuple",
        [
          "string"
        ]
      ]
    },
    "vpc_id": {
      "value": "vpc-0d8131f56b88e1513",
      "type": "string"
    },
    "vpc_public_subnets": {
      "value": [
        "subnet-0a21e719a41c2eb35"
      ],
      "type": [
        "tuple",
        [
          "string"
        ]
      ]
    }
  },
  "resources": [
    {
      "mode": "data",
      "type": "rancher2_cluster",
      "name": "k3s-cluster",
      "provider": "provider[\"registry.terraform.io/rancher/rancher2\"].rancher-demo",
      "instances": [
        {
          "schema_version": 0,
          "attributes": {
            "aks_config": null,
            "annotations": {
              "authz.management.cattle.io/creator-role-bindings": "{\"created\":[\"cluster-owner\"],\"required\":[\"cluster-owner\"]}",
              "lifecycle.cattle.io/create.cluster-agent-controller-cleanup": "true",
              "lifecycle.cattle.io/create.cluster-scoped-gc": "true",
              "lifecycle.cattle.io/create.mgmt-cluster-rbac-remove": "true"
            },
            "cluster_auth_endpoint": [
              {
                "ca_certs": "",
                "enabled": false,
                "fqdn": ""
              }
            ],
            "cluster_monitoring_input": [],
            "cluster_registration_token": [
              {
                "annotations": {},
                "cluster_id": "c-w6prh",
                "command": "kubectl apply -f https://rancher-demo.susealliances.com/v3/import/jhnxdvp9zcgvsldg2lplx29bhbkjzmctpwwxsz69cqnd5nnr7qbn89_c-w6prh.yaml",
                "id": "c-w6prh:system",
                "insecure_command": "curl --insecure -sfL https://rancher-demo.susealliances.com/v3/import/jhnxdvp9zcgvsldg2lplx29bhbkjzmctpwwxsz69cqnd5nnr7qbn89_c-w6prh.yaml | kubectl apply -f -",
                "labels": {
                  "cattle.io/creator": "norman"
                },
                "manifest_url": "https://rancher-demo.susealliances.com/v3/import/jhnxdvp9zcgvsldg2lplx29bhbkjzmctpwwxsz69cqnd5nnr7qbn89_c-w6prh.yaml",
                "name": "system",
                "node_command": "sudo docker run -d --privileged --restart=unless-stopped --net=host -v /etc/kubernetes:/etc/kubernetes -v /var/run:/var/run  rancher/rancher-agent:v2.5.6 --server https://rancher-demo.susealliances.com --token jhnxdvp9zcgvsldg2lplx29bhbkjzmctpwwxsz69cqnd5nnr7qbn89",
                "token": "jhnxdvp9zcgvsldg2lplx29bhbkjzmctpwwxsz69cqnd5nnr7qbn89",
                "windows_node_command": "PowerShell -NoLogo -NonInteractive -Command \"\u0026 {docker run -v c:\\:c:\\host rancher/rancher-agent:v2.5.6 bootstrap --server https://rancher-demo.susealliances.com --token jhnxdvp9zcgvsldg2lplx29bhbkjzmctpwwxsz69cqnd5nnr7qbn89 | iex}\""
              }
            ],
            "cluster_template_answers": null,
            "cluster_template_id": null,
            "cluster_template_questions": null,
            "cluster_template_revision_id": null,
            "default_pod_security_policy_template_id": null,
            "default_project_id": "c-w6prh:p-tfdxz",
            "description": "K3s imported cluster",
            "driver": "",
            "eks_config": null,
            "eks_config_v2": null,
            "enable_cluster_alerting": false,
            "enable_cluster_monitoring": false,
            "enable_network_policy": false,
            "gke_config": null,
            "gke_config_v2": null,
            "id": "c-w6prh",
            "k3s_config": [],
            "kube_config": "apiVersion: v1\nkind: Config\nclusters:\n- name: \"k3s-site-2\"\n  cluster:\n    server: \"https://rancher-demo.susealliances.com/k8s/clusters/c-w6prh\"\n\nusers:\n- name: \"k3s-site-2\"\n  user:\n    token: \"kubeconfig-user-c4c9t:tlqxfwzgvrbpknl7kvzm7cfslhg8pxlq6zgjxz62dqdvbmjjjxhrpp\"\n\n\ncontexts:\n- name: \"k3s-site-2\"\n  context:\n    user: \"k3s-site-2\"\n    cluster: \"k3s-site-2\"\n\ncurrent-context: \"k3s-site-2\"\n",
            "labels": {
              "cattle.io/creator": "norman",
              "customer": "BigMoney",
              "fleet.cattle.io/cluster-name": "c-w6prh",
              "location": "north"
            },
            "name": "k3s-site-2",
            "oke_config": null,
            "rke2_config": [],
            "rke_config": [],
            "scheduled_cluster_scan": null,
            "system_project_id": "c-w6prh:p-cvnfw"
          },
          "sensitive_attributes": []
        }
      ]
    },
    {
      "mode": "managed",
      "type": "aws_security_group",
      "name": "K3s_local_sg",
      "provider": "provider[\"registry.terraform.io/hashicorp/aws\"]",
      "instances": [
        {
          "schema_version": 1,
          "attributes": {
            "arn": "arn:aws:ec2:us-west-1:725008334878:security-group/sg-07f3ebf9cab601ce3",
            "description": "Cluster internal communication",
            "egress": [
              {
                "cidr_blocks": [
                  "10.0.0.0/16"
                ],
                "description": "",
                "from_port": 0,
                "ipv6_cidr_blocks": [],
                "prefix_list_ids": [],
                "protocol": "-1",
                "security_groups": [],
                "self": false,
                "to_port": 0
              }
            ],
            "id": "sg-07f3ebf9cab601ce3",
            "ingress": [
              {
                "cidr_blocks": [
                  "10.0.0.0/16"
                ],
                "description": "",
                "from_port": 10250,
                "ipv6_cidr_blocks": [],
                "prefix_list_ids": [],
                "protocol": "tcp",
                "security_groups": [],
                "self": false,
                "to_port": 10250
              },
              {
                "cidr_blocks": [
                  "10.0.0.0/16"
                ],
                "description": "",
                "from_port": 2379,
                "ipv6_cidr_blocks": [],
                "prefix_list_ids": [],
                "protocol": "tcp",
                "security_groups": [],
                "self": false,
                "to_port": 2380
              },
              {
                "cidr_blocks": [
                  "10.0.0.0/16"
                ],
                "description": "",
                "from_port": 8472,
                "ipv6_cidr_blocks": [],
                "prefix_list_ids": [],
                "protocol": "udp",
                "security_groups": [],
                "self": false,
                "to_port": 8472
              }
            ],
            "name": "site-2-local-sg",
            "name_prefix": "",
            "owner_id": "725008334878",
            "revoke_rules_on_delete": false,
            "tags": null,
            "tags_all": {},
            "timeouts": null,
            "vpc_id": "vpc-0d8131f56b88e1513"
          },
          "sensitive_attributes": [],
          "private": "eyJlMmJmYjczMC1lY2FhLTExZTYtOGY4OC0zNDM2M2JjN2M0YzAiOnsiY3JlYXRlIjo2MDAwMDAwMDAwMDAsImRlbGV0ZSI6OTAwMDAwMDAwMDAwfSwic2NoZW1hX3ZlcnNpb24iOiIxIn0=",
          "dependencies": [
            "module.vpc.aws_vpc.this"
          ]
        }
      ]
    },
    {
      "mode": "managed",
      "type": "aws_security_group",
      "name": "K3s_outside_sg",
      "provider": "provider[\"registry.terraform.io/hashicorp/aws\"]",
      "instances": [
        {
          "schema_version": 1,
          "attributes": {
            "arn": "arn:aws:ec2:us-west-1:725008334878:security-group/sg-0defb618fbc8c2409",
            "description": "Cluster communication",
            "egress": [
              {
                "cidr_blocks": [
                  "0.0.0.0/0"
                ],
                "description": "",
                "from_port": 0,
                "ipv6_cidr_blocks": [],
                "prefix_list_ids": [],
                "protocol": "-1",
                "security_groups": [],
                "self": false,
                "to_port": 0
              }
            ],
            "id": "sg-0defb618fbc8c2409",
            "ingress": [
              {
                "cidr_blocks": [
                  "0.0.0.0/0"
                ],
                "description": "",
                "from_port": 22,
                "ipv6_cidr_blocks": [],
                "prefix_list_ids": [],
                "protocol": "tcp",
                "security_groups": [],
                "self": false,
                "to_port": 22
              },
              {
                "cidr_blocks": [
                  "0.0.0.0/0"
                ],
                "description": "",
                "from_port": 6443,
                "ipv6_cidr_blocks": [],
                "prefix_list_ids": [],
                "protocol": "tcp",
                "security_groups": [],
                "self": false,
                "to_port": 6443
              }
            ],
            "name": "site-2-outside-sg",
            "name_prefix": "",
            "owner_id": "725008334878",
            "revoke_rules_on_delete": false,
            "tags": null,
            "tags_all": {},
            "timeouts": null,
            "vpc_id": "vpc-0d8131f56b88e1513"
          },
          "sensitive_attributes": [],
          "private": "eyJlMmJmYjczMC1lY2FhLTExZTYtOGY4OC0zNDM2M2JjN2M0YzAiOnsiY3JlYXRlIjo2MDAwMDAwMDAwMDAsImRlbGV0ZSI6OTAwMDAwMDAwMDAwfSwic2NoZW1hX3ZlcnNpb24iOiIxIn0=",
          "dependencies": [
            "module.vpc.aws_vpc.this"
          ]
        }
      ]
    },
    {
      "mode": "managed",
      "type": "rancher2_cluster",
      "name": "k3s-cluster-instance",
      "provider": "provider[\"registry.terraform.io/rancher/rancher2\"].rancher-demo",
      "instances": [
        {
          "schema_version": 1,
          "attributes": {
            "aks_config": [],
            "annotations": {
              "authz.management.cattle.io/creator-role-bindings": "{\"created\":[\"cluster-owner\"],\"required\":[\"cluster-owner\"]}",
              "lifecycle.cattle.io/create.cluster-agent-controller-cleanup": "true",
              "lifecycle.cattle.io/create.cluster-scoped-gc": "true",
              "lifecycle.cattle.io/create.mgmt-cluster-rbac-remove": "true"
            },
            "ca_cert": null,
            "cluster_auth_endpoint": [
              {
                "ca_certs": "",
                "enabled": false,
                "fqdn": ""
              }
            ],
            "cluster_monitoring_input": [],
            "cluster_registration_token": [
              {
                "annotations": {},
                "cluster_id": "c-w6prh",
                "command": "kubectl apply -f https://rancher-demo.susealliances.com/v3/import/jhnxdvp9zcgvsldg2lplx29bhbkjzmctpwwxsz69cqnd5nnr7qbn89_c-w6prh.yaml",
                "id": "c-w6prh:system",
                "insecure_command": "curl --insecure -sfL https://rancher-demo.susealliances.com/v3/import/jhnxdvp9zcgvsldg2lplx29bhbkjzmctpwwxsz69cqnd5nnr7qbn89_c-w6prh.yaml | kubectl apply -f -",
                "labels": {
                  "cattle.io/creator": "norman"
                },
                "manifest_url": "https://rancher-demo.susealliances.com/v3/import/jhnxdvp9zcgvsldg2lplx29bhbkjzmctpwwxsz69cqnd5nnr7qbn89_c-w6prh.yaml",
                "name": "system",
                "node_command": "sudo docker run -d --privileged --restart=unless-stopped --net=host -v /etc/kubernetes:/etc/kubernetes -v /var/run:/var/run  rancher/rancher-agent:v2.5.6 --server https://rancher-demo.susealliances.com --token jhnxdvp9zcgvsldg2lplx29bhbkjzmctpwwxsz69cqnd5nnr7qbn89",
                "token": "jhnxdvp9zcgvsldg2lplx29bhbkjzmctpwwxsz69cqnd5nnr7qbn89",
                "windows_node_command": "PowerShell -NoLogo -NonInteractive -Command \"\u0026 {docker run -v c:\\:c:\\host rancher/rancher-agent:v2.5.6 bootstrap --server https://rancher-demo.susealliances.com --token jhnxdvp9zcgvsldg2lplx29bhbkjzmctpwwxsz69cqnd5nnr7qbn89 | iex}\""
              }
            ],
            "cluster_template_answers": null,
            "cluster_template_id": null,
            "cluster_template_questions": null,
            "cluster_template_revision_id": null,
            "default_pod_security_policy_template_id": null,
            "default_project_id": "c-w6prh:p-tfdxz",
            "description": "K3s imported cluster",
            "desired_agent_image": null,
            "desired_auth_image": null,
            "docker_root_dir": "/var/lib/docker",
            "driver": "",
            "eks_config": [],
            "eks_config_v2": [],
            "enable_cluster_alerting": false,
            "enable_cluster_istio": null,
            "enable_cluster_monitoring": false,
            "enable_network_policy": false,
            "gke_config": [],
            "gke_config_v2": [],
            "id": "c-w6prh",
            "istio_enabled": false,
            "k3s_config": [],
            "kube_config": "apiVersion: v1\nkind: Config\nclusters:\n- name: \"k3s-site-2\"\n  cluster:\n    server: \"https://rancher-demo.susealliances.com/k8s/clusters/c-w6prh\"\n\nusers:\n- name: \"k3s-site-2\"\n  user:\n    token: \"kubeconfig-user-c4c9t:tlqxfwzgvrbpknl7kvzm7cfslhg8pxlq6zgjxz62dqdvbmjjjxhrpp\"\n\n\ncontexts:\n- name: \"k3s-site-2\"\n  context:\n    user: \"k3s-site-2\"\n    cluster: \"k3s-site-2\"\n\ncurrent-context: \"k3s-site-2\"\n",
            "labels": {
              "cattle.io/creator": "norman",
              "customer": "BigMoney",
              "fleet.cattle.io/cluster-name": "c-w6prh",
              "location": "north"
            },
            "name": "k3s-site-2",
            "oke_config": [],
            "rke2_config": [],
            "rke_config": [],
            "scheduled_cluster_scan": null,
            "system_project_id": "c-w6prh:p-cvnfw",
            "timeouts": null,
            "windows_prefered_cluster": false
          },
          "sensitive_attributes": [],
          "private": "eyJlMmJmYjczMC1lY2FhLTExZTYtOGY4OC0zNDM2M2JjN2M0YzAiOnsiY3JlYXRlIjoxODAwMDAwMDAwMDAwLCJkZWxldGUiOjE4MDAwMDAwMDAwMDAsInVwZGF0ZSI6MTgwMDAwMDAwMDAwMH0sInNjaGVtYV92ZXJzaW9uIjoiMSJ9"
        }
      ]
    },
    {
      "module": "module.ec2_server_instances",
      "mode": "managed",
      "type": "aws_instance",
      "name": "this",
      "provider": "provider[\"registry.terraform.io/hashicorp/aws\"]",
      "instances": [
        {
          "index_key": 0,
          "schema_version": 1,
          "attributes": {
            "ami": "ami-05c558c169cfe8d99",
            "arn": "arn:aws:ec2:us-west-1:725008334878:instance/i-077319ea2db36375a",
            "associate_public_ip_address": true,
            "availability_zone": "us-west-1a",
            "cpu_core_count": 1,
            "cpu_threads_per_core": 1,
            "credit_specification": [
              {
                "cpu_credits": "standard"
              }
            ],
            "disable_api_termination": false,
            "ebs_block_device": [],
            "ebs_optimized": false,
            "enclave_options": [
              {
                "enabled": false
              }
            ],
            "ephemeral_block_device": [],
            "get_password_data": false,
            "hibernation": false,
            "host_id": null,
            "iam_instance_profile": "",
            "id": "i-077319ea2db36375a",
            "instance_initiated_shutdown_behavior": "stop",
            "instance_state": "running",
            "instance_type": "t2.small",
            "ipv6_address_count": 0,
            "ipv6_addresses": [],
            "key_name": "aarnoldy_laptop",
            "metadata_options": [
              {
                "http_endpoint": "enabled",
                "http_put_response_hop_limit": 1,
                "http_tokens": "optional"
              }
            ],
            "monitoring": false,
            "network_interface": [],
            "outpost_arn": "",
            "password_data": "",
            "placement_group": "",
            "primary_network_interface_id": "eni-062efc6fad54fc119",
            "private_dns": "ip-10-0-12-98.us-west-1.compute.internal",
            "private_ip": "10.0.12.98",
            "public_dns": "",
            "public_ip": "13.52.253.186",
            "root_block_device": [
              {
                "delete_on_termination": true,
                "device_name": "/dev/sda1",
                "encrypted": false,
                "iops": 100,
                "kms_key_id": "",
                "tags": {},
                "throughput": 0,
                "volume_id": "vol-0106f760700d5e7ea",
                "volume_size": 10,
                "volume_type": "gp2"
              }
            ],
            "secondary_private_ips": [],
            "security_groups": [],
            "source_dest_check": true,
            "subnet_id": "subnet-0a21e719a41c2eb35",
            "tags": {
              "Environment": "dev",
              "Name": "site-2",
              "Terraform": "true"
            },
            "tags_all": {
              "Environment": "dev",
              "Name": "site-2",
              "Terraform": "true"
            },
            "tenancy": "default",
            "timeouts": null,
            "user_data": null,
            "user_data_base64": null,
            "volume_tags": {
              "Name": "site-2"
            },
            "vpc_security_group_ids": [
              "sg-07f3ebf9cab601ce3",
              "sg-0defb618fbc8c2409"
            ]
          },
          "sensitive_attributes": [],
          "private": "eyJlMmJmYjczMC1lY2FhLTExZTYtOGY4OC0zNDM2M2JjN2M0YzAiOnsiY3JlYXRlIjo2MDAwMDAwMDAwMDAsImRlbGV0ZSI6MTIwMDAwMDAwMDAwMCwidXBkYXRlIjo2MDAwMDAwMDAwMDB9LCJzY2hlbWFfdmVyc2lvbiI6IjEifQ==",
          "dependencies": [
            "aws_security_group.K3s_local_sg",
            "aws_security_group.K3s_outside_sg",
            "module.vpc.aws_subnet.public",
            "module.vpc.aws_vpc.this",
            "module.vpc.aws_vpc_ipv4_cidr_block_association.this"
          ]
        }
      ]
    },
    {
      "module": "module.vpc",
      "mode": "managed",
      "type": "aws_internet_gateway",
      "name": "this",
      "provider": "provider[\"registry.terraform.io/hashicorp/aws\"]",
      "instances": [
        {
          "index_key": 0,
          "schema_version": 0,
          "attributes": {
            "arn": "arn:aws:ec2:us-west-1:725008334878:internet-gateway/igw-0a4fb8f3ab19f0128",
            "id": "igw-0a4fb8f3ab19f0128",
            "owner_id": "725008334878",
            "tags": {
              "Environment": "dev",
              "Name": "site-2",
              "Terraform": "true"
            },
            "tags_all": {
              "Environment": "dev",
              "Name": "site-2",
              "Terraform": "true"
            },
            "vpc_id": "vpc-0d8131f56b88e1513"
          },
          "sensitive_attributes": [],
          "private": "bnVsbA==",
          "dependencies": [
            "module.vpc.aws_vpc.this",
            "module.vpc.aws_vpc_ipv4_cidr_block_association.this"
          ]
        }
      ]
    },
    {
      "module": "module.vpc",
      "mode": "managed",
      "type": "aws_route",
      "name": "public_internet_gateway",
      "provider": "provider[\"registry.terraform.io/hashicorp/aws\"]",
      "instances": [
        {
          "index_key": 0,
          "schema_version": 0,
          "attributes": {
            "carrier_gateway_id": "",
            "destination_cidr_block": "0.0.0.0/0",
            "destination_ipv6_cidr_block": "",
            "destination_prefix_list_id": "",
            "egress_only_gateway_id": "",
            "gateway_id": "igw-0a4fb8f3ab19f0128",
            "id": "r-rtb-0de4b64be85b51c161080289494",
            "instance_id": "",
            "instance_owner_id": "",
            "local_gateway_id": "",
            "nat_gateway_id": "",
            "network_interface_id": "",
            "origin": "CreateRoute",
            "route_table_id": "rtb-0de4b64be85b51c16",
            "state": "active",
            "timeouts": {
              "create": "5m",
              "delete": null
            },
            "transit_gateway_id": "",
            "vpc_endpoint_id": "",
            "vpc_peering_connection_id": ""
          },
          "sensitive_attributes": [],
          "private": "eyJlMmJmYjczMC1lY2FhLTExZTYtOGY4OC0zNDM2M2JjN2M0YzAiOnsiY3JlYXRlIjozMDAwMDAwMDAwMDAsImRlbGV0ZSI6MzAwMDAwMDAwMDAwfX0=",
          "dependencies": [
            "module.vpc.aws_internet_gateway.this",
            "module.vpc.aws_route_table.public",
            "module.vpc.aws_vpc.this",
            "module.vpc.aws_vpc_ipv4_cidr_block_association.this"
          ]
        }
      ]
    },
    {
      "module": "module.vpc",
      "mode": "managed",
      "type": "aws_route_table",
      "name": "public",
      "provider": "provider[\"registry.terraform.io/hashicorp/aws\"]",
      "instances": [
        {
          "index_key": 0,
          "schema_version": 0,
          "attributes": {
            "arn": "arn:aws:ec2:us-west-1:725008334878:route-table/rtb-0de4b64be85b51c16",
            "id": "rtb-0de4b64be85b51c16",
            "owner_id": "725008334878",
            "propagating_vgws": [],
            "route": [],
            "tags": {
              "Environment": "dev",
              "Name": "site-2-public",
              "Terraform": "true"
            },
            "tags_all": {
              "Environment": "dev",
              "Name": "site-2-public",
              "Terraform": "true"
            },
            "vpc_id": "vpc-0d8131f56b88e1513"
          },
          "sensitive_attributes": [],
          "private": "bnVsbA==",
          "dependencies": [
            "module.vpc.aws_vpc.this",
            "module.vpc.aws_vpc_ipv4_cidr_block_association.this"
          ]
        }
      ]
    },
    {
      "module": "module.vpc",
      "mode": "managed",
      "type": "aws_route_table_association",
      "name": "public",
      "provider": "provider[\"registry.terraform.io/hashicorp/aws\"]",
      "instances": [
        {
          "index_key": 0,
          "schema_version": 0,
          "attributes": {
            "gateway_id": null,
            "id": "rtbassoc-06366a31fba8ac514",
            "route_table_id": "rtb-0de4b64be85b51c16",
            "subnet_id": "subnet-0a21e719a41c2eb35"
          },
          "sensitive_attributes": [],
          "private": "bnVsbA==",
          "dependencies": [
            "module.vpc.aws_route_table.public",
            "module.vpc.aws_subnet.public",
            "module.vpc.aws_vpc.this",
            "module.vpc.aws_vpc_ipv4_cidr_block_association.this"
          ]
        }
      ]
    },
    {
      "module": "module.vpc",
      "mode": "managed",
      "type": "aws_subnet",
      "name": "public",
      "provider": "provider[\"registry.terraform.io/hashicorp/aws\"]",
      "instances": [
        {
          "index_key": 0,
          "schema_version": 1,
          "attributes": {
            "arn": "arn:aws:ec2:us-west-1:725008334878:subnet/subnet-0a21e719a41c2eb35",
            "assign_ipv6_address_on_creation": false,
            "availability_zone": "us-west-1a",
            "availability_zone_id": "usw1-az3",
            "cidr_block": "10.0.12.0/24",
            "customer_owned_ipv4_pool": "",
            "id": "subnet-0a21e719a41c2eb35",
            "ipv6_cidr_block": "",
            "ipv6_cidr_block_association_id": "",
            "map_customer_owned_ip_on_launch": false,
            "map_public_ip_on_launch": true,
            "outpost_arn": "",
            "owner_id": "725008334878",
            "tags": {
              "Environment": "dev",
              "Name": "site-2-public-us-west-1a",
              "Terraform": "true"
            },
            "tags_all": {
              "Environment": "dev",
              "Name": "site-2-public-us-west-1a",
              "Terraform": "true"
            },
            "timeouts": null,
            "vpc_id": "vpc-0d8131f56b88e1513"
          },
          "sensitive_attributes": [],
          "private": "eyJlMmJmYjczMC1lY2FhLTExZTYtOGY4OC0zNDM2M2JjN2M0YzAiOnsiY3JlYXRlIjo2MDAwMDAwMDAwMDAsImRlbGV0ZSI6MTIwMDAwMDAwMDAwMH0sInNjaGVtYV92ZXJzaW9uIjoiMSJ9",
          "dependencies": [
            "module.vpc.aws_vpc.this",
            "module.vpc.aws_vpc_ipv4_cidr_block_association.this"
          ]
        }
      ]
    },
    {
      "module": "module.vpc",
      "mode": "managed",
      "type": "aws_vpc",
      "name": "this",
      "provider": "provider[\"registry.terraform.io/hashicorp/aws\"]",
      "instances": [
        {
          "index_key": 0,
          "schema_version": 1,
          "attributes": {
            "arn": "arn:aws:ec2:us-west-1:725008334878:vpc/vpc-0d8131f56b88e1513",
            "assign_generated_ipv6_cidr_block": false,
            "cidr_block": "10.0.0.0/16",
            "default_network_acl_id": "acl-059a864ec73ae0b4c",
            "default_route_table_id": "rtb-0b139f3f073e3713f",
            "default_security_group_id": "sg-03457f6caf72369aa",
            "dhcp_options_id": "dopt-7e41bf18",
            "enable_classiclink": false,
            "enable_classiclink_dns_support": false,
            "enable_dns_hostnames": false,
            "enable_dns_support": true,
            "id": "vpc-0d8131f56b88e1513",
            "instance_tenancy": "default",
            "ipv6_association_id": "",
            "ipv6_cidr_block": "",
            "main_route_table_id": "rtb-0b139f3f073e3713f",
            "owner_id": "725008334878",
            "tags": {
              "Environment": "dev",
              "Name": "site-2",
              "Terraform": "true"
            },
            "tags_all": {
              "Environment": "dev",
              "Name": "site-2",
              "Terraform": "true"
            }
          },
          "sensitive_attributes": [],
          "private": "eyJzY2hlbWFfdmVyc2lvbiI6IjEifQ=="
        }
      ]
    }
  ]
}
