{
  "version": 4,
  "terraform_version": "0.12.25",
  "serial": 12,
  "lineage": "5ce8a90b-496a-5834-9334-c0b54887769f",
  "outputs": {
    "ip_agents": {
      "value": {
        "bankok-agent-0": "10.111.1.14",
        "bankok-agent-1": "10.111.1.15"
      },
      "type": [
        "object",
        {
          "bankok-agent-0": "string",
          "bankok-agent-1": "string"
        }
      ]
    },
    "ip_servers": {
      "value": {
        "bankok-server-0": "10.111.1.11"
      },
      "type": [
        "object",
        {
          "bankok-server-0": "string"
        }
      ]
    }
  },
  "resources": [
    {
      "mode": "data",
      "type": "template_file",
      "name": "agent-cloud-init",
      "provider": "provider.template",
      "instances": [
        {
          "schema_version": 0,
          "attributes": {
            "filename": null,
            "id": "82ec43e51f04f9959ebb0c5fa9c0e406c665567d8bdf12f1f4b0c5ed71f6e502",
            "rendered": "#cloud-config\n\n# set locale\nlocale: en_US.UTF-8\n\n# set timezone\ntimezone: Etc/UTC\n\n# set root password\nchpasswd:\n  list: |\n    root:SUSE-linux\n    opensuse:SUSE-linux\n  expire: False\n\nssh_authorized_keys:\n  - ssh-rsa AAAAB3NzaC1yc2EAAAADAQABAAABgQC1PluS3uR9V5xoT69/102mJJnzaL+FzyvmU+8QXIjhn2JC+n+OaKlQ05n7faEcNS+Ebv2Q1nUYthA7jVLZv/V8PCPg65JUQj2ALw+IM4J9wuIHanTkK7yknpF5ThjAz6HSF11rEVcpm/9vzSWKXOzTM/ucKbTiyRbps1HgozNYJtqXVaVpO1moPZ24xHbsdTfTzU98cpwxMRFVj5MBRm/GvnmXB5u5QJjTJOe6DdxNE3qwJCckYjJ9rTIjJzSl9NwGtH9+3kuBz8SPxHbKplDC517M0Ag99G9bqGoHpgyETRf32a4hvDVsWMlnCEWG4+RtABCgwsIeEZqc5JiSYRQZnIV2jrN7CJ4t8sugplgyIVBtCk1MJC20/lXOPXTk49T9x2wLRuKHShZo459aT44xSOVN1MD6O1luwx846o9Q28qEyqJWnFLkrDpPG2y1iVbvte63G6HagvcZQeEFCYQf+wWWM9Q5pr+gKt+iY6NOFZKkqlB+WOmvdfZKD/iUtwU= sles@k3ai-host-1\n\nntp:\n  enabled: true\n  ntp_client: chrony\n  config:\n    confpath: /etc/chrony.conf\n  servers:\n    - 0.novell.pool.ntp.org\n    - 1.novell.pool.ntp.org\n    - 2.novell.pool.ntp.org\n    - 3.novell.pool.ntp.org\n\n#packages:\n\nbootcmd:\n  - ip link set dev eth0 mtu 1400\n  # Hostnames from DHCP - otherwise localhost will be used\n  - /usr/bin/sed -ie \"s#DHCLIENT_SET_HOSTNAME=\\\"no\\\"#DHCLIENT_SET_HOSTNAME=\\\"yes\\\"#\" /etc/sysconfig/network/dhcp\n  - netconfig update -f\n\nruncmd:\n  - [ zypper, -n, install, which, wget, kernel-default, -kernel-default-base ]\n  - [ zypper, -n, update ]\n  - [ reboot ]\n\n\nfinal_message: \"The system is finally up, after $UPTIME seconds\"\n",
            "template": "#cloud-config\n\n# set locale\nlocale: en_US.UTF-8\n\n# set timezone\ntimezone: Etc/UTC\n\n# set root password\nchpasswd:\n  list: |\n    root:SUSE-linux\n    ${username}:${password}\n  expire: False\n\nssh_authorized_keys:\n${authorized_keys}\n\nntp:\n  enabled: true\n  ntp_client: chrony\n  config:\n    confpath: /etc/chrony.conf\n  servers:\n${ntp_servers}\n\n#packages:\n\nbootcmd:\n  - ip link set dev eth0 mtu 1400\n  # Hostnames from DHCP - otherwise localhost will be used\n  - /usr/bin/sed -ie \"s#DHCLIENT_SET_HOSTNAME=\\\"no\\\"#DHCLIENT_SET_HOSTNAME=\\\"yes\\\"#\" /etc/sysconfig/network/dhcp\n  - netconfig update -f\n\nruncmd:\n${commands}\n\nfinal_message: \"The system is finally up, after $UPTIME seconds\"\n",
            "vars": {
              "authorized_keys": "  - ssh-rsa AAAAB3NzaC1yc2EAAAADAQABAAABgQC1PluS3uR9V5xoT69/102mJJnzaL+FzyvmU+8QXIjhn2JC+n+OaKlQ05n7faEcNS+Ebv2Q1nUYthA7jVLZv/V8PCPg65JUQj2ALw+IM4J9wuIHanTkK7yknpF5ThjAz6HSF11rEVcpm/9vzSWKXOzTM/ucKbTiyRbps1HgozNYJtqXVaVpO1moPZ24xHbsdTfTzU98cpwxMRFVj5MBRm/GvnmXB5u5QJjTJOe6DdxNE3qwJCckYjJ9rTIjJzSl9NwGtH9+3kuBz8SPxHbKplDC517M0Ag99G9bqGoHpgyETRf32a4hvDVsWMlnCEWG4+RtABCgwsIeEZqc5JiSYRQZnIV2jrN7CJ4t8sugplgyIVBtCk1MJC20/lXOPXTk49T9x2wLRuKHShZo459aT44xSOVN1MD6O1luwx846o9Q28qEyqJWnFLkrDpPG2y1iVbvte63G6HagvcZQeEFCYQf+wWWM9Q5pr+gKt+iY6NOFZKkqlB+WOmvdfZKD/iUtwU= sles@k3ai-host-1",
              "commands": "  - [ zypper, -n, install, which, wget, kernel-default, -kernel-default-base ]\n  - [ zypper, -n, update ]\n  - [ reboot ]\n",
              "ntp_servers": "    - 0.novell.pool.ntp.org\n    - 1.novell.pool.ntp.org\n    - 2.novell.pool.ntp.org\n    - 3.novell.pool.ntp.org",
              "password": "SUSE-linux",
              "username": "opensuse"
            }
          }
        }
      ]
    },
    {
      "mode": "data",
      "type": "template_file",
      "name": "agent_commands",
      "each": "list",
      "provider": "provider.template",
      "instances": [
        {
          "index_key": 0,
          "schema_version": 0,
          "attributes": {
            "filename": null,
            "id": "afea5d1a0846d1a5f2e301852349a411dd22653b5247883098e687d8a74422c4",
            "rendered": "  - [ zypper, -n, install, which, wget, kernel-default, -kernel-default-base ]\n  - [ zypper, -n, update ]\n  - [ reboot ]\n",
            "template": "  - [ zypper, -n, install, ${packages} ]\n  - [ zypper, -n, update ]\n  - [ reboot ]\n",
            "vars": {
              "packages": "which, wget, kernel-default, -kernel-default-base"
            }
          }
        }
      ]
    },
    {
      "mode": "data",
      "type": "template_file",
      "name": "server-cloud-init",
      "provider": "provider.template",
      "instances": [
        {
          "schema_version": 0,
          "attributes": {
            "filename": null,
            "id": "82ec43e51f04f9959ebb0c5fa9c0e406c665567d8bdf12f1f4b0c5ed71f6e502",
            "rendered": "#cloud-config\n\n# set locale\nlocale: en_US.UTF-8\n\n# set timezone\ntimezone: Etc/UTC\n\n# set root password\nchpasswd:\n  list: |\n    root:SUSE-linux\n    opensuse:SUSE-linux\n  expire: False\n\nssh_authorized_keys:\n  - ssh-rsa AAAAB3NzaC1yc2EAAAADAQABAAABgQC1PluS3uR9V5xoT69/102mJJnzaL+FzyvmU+8QXIjhn2JC+n+OaKlQ05n7faEcNS+Ebv2Q1nUYthA7jVLZv/V8PCPg65JUQj2ALw+IM4J9wuIHanTkK7yknpF5ThjAz6HSF11rEVcpm/9vzSWKXOzTM/ucKbTiyRbps1HgozNYJtqXVaVpO1moPZ24xHbsdTfTzU98cpwxMRFVj5MBRm/GvnmXB5u5QJjTJOe6DdxNE3qwJCckYjJ9rTIjJzSl9NwGtH9+3kuBz8SPxHbKplDC517M0Ag99G9bqGoHpgyETRf32a4hvDVsWMlnCEWG4+RtABCgwsIeEZqc5JiSYRQZnIV2jrN7CJ4t8sugplgyIVBtCk1MJC20/lXOPXTk49T9x2wLRuKHShZo459aT44xSOVN1MD6O1luwx846o9Q28qEyqJWnFLkrDpPG2y1iVbvte63G6HagvcZQeEFCYQf+wWWM9Q5pr+gKt+iY6NOFZKkqlB+WOmvdfZKD/iUtwU= sles@k3ai-host-1\n\nntp:\n  enabled: true\n  ntp_client: chrony\n  config:\n    confpath: /etc/chrony.conf\n  servers:\n    - 0.novell.pool.ntp.org\n    - 1.novell.pool.ntp.org\n    - 2.novell.pool.ntp.org\n    - 3.novell.pool.ntp.org\n\n#packages:\n\nbootcmd:\n  - ip link set dev eth0 mtu 1400\n  # Hostnames from DHCP - otherwise localhost will be used\n  - /usr/bin/sed -ie \"s#DHCLIENT_SET_HOSTNAME=\\\"no\\\"#DHCLIENT_SET_HOSTNAME=\\\"yes\\\"#\" /etc/sysconfig/network/dhcp\n  - netconfig update -f\n\nruncmd:\n  - [ zypper, -n, install, which, wget, kernel-default, -kernel-default-base ]\n  - [ zypper, -n, update ]\n  - [ reboot ]\n\n\nfinal_message: \"The system is finally up, after $UPTIME seconds\"\n",
            "template": "#cloud-config\n\n# set locale\nlocale: en_US.UTF-8\n\n# set timezone\ntimezone: Etc/UTC\n\n# set root password\nchpasswd:\n  list: |\n    root:SUSE-linux\n    ${username}:${password}\n  expire: False\n\nssh_authorized_keys:\n${authorized_keys}\n\nntp:\n  enabled: true\n  ntp_client: chrony\n  config:\n    confpath: /etc/chrony.conf\n  servers:\n${ntp_servers}\n\n#packages:\n\nbootcmd:\n  - ip link set dev eth0 mtu 1400\n  # Hostnames from DHCP - otherwise localhost will be used\n  - /usr/bin/sed -ie \"s#DHCLIENT_SET_HOSTNAME=\\\"no\\\"#DHCLIENT_SET_HOSTNAME=\\\"yes\\\"#\" /etc/sysconfig/network/dhcp\n  - netconfig update -f\n\nruncmd:\n${commands}\n\nfinal_message: \"The system is finally up, after $UPTIME seconds\"\n",
            "vars": {
              "authorized_keys": "  - ssh-rsa AAAAB3NzaC1yc2EAAAADAQABAAABgQC1PluS3uR9V5xoT69/102mJJnzaL+FzyvmU+8QXIjhn2JC+n+OaKlQ05n7faEcNS+Ebv2Q1nUYthA7jVLZv/V8PCPg65JUQj2ALw+IM4J9wuIHanTkK7yknpF5ThjAz6HSF11rEVcpm/9vzSWKXOzTM/ucKbTiyRbps1HgozNYJtqXVaVpO1moPZ24xHbsdTfTzU98cpwxMRFVj5MBRm/GvnmXB5u5QJjTJOe6DdxNE3qwJCckYjJ9rTIjJzSl9NwGtH9+3kuBz8SPxHbKplDC517M0Ag99G9bqGoHpgyETRf32a4hvDVsWMlnCEWG4+RtABCgwsIeEZqc5JiSYRQZnIV2jrN7CJ4t8sugplgyIVBtCk1MJC20/lXOPXTk49T9x2wLRuKHShZo459aT44xSOVN1MD6O1luwx846o9Q28qEyqJWnFLkrDpPG2y1iVbvte63G6HagvcZQeEFCYQf+wWWM9Q5pr+gKt+iY6NOFZKkqlB+WOmvdfZKD/iUtwU= sles@k3ai-host-1",
              "commands": "  - [ zypper, -n, install, which, wget, kernel-default, -kernel-default-base ]\n  - [ zypper, -n, update ]\n  - [ reboot ]\n",
              "ntp_servers": "    - 0.novell.pool.ntp.org\n    - 1.novell.pool.ntp.org\n    - 2.novell.pool.ntp.org\n    - 3.novell.pool.ntp.org",
              "password": "SUSE-linux",
              "username": "opensuse"
            }
          }
        }
      ]
    },
    {
      "mode": "data",
      "type": "template_file",
      "name": "server_commands",
      "each": "list",
      "provider": "provider.template",
      "instances": [
        {
          "index_key": 0,
          "schema_version": 0,
          "attributes": {
            "filename": null,
            "id": "afea5d1a0846d1a5f2e301852349a411dd22653b5247883098e687d8a74422c4",
            "rendered": "  - [ zypper, -n, install, which, wget, kernel-default, -kernel-default-base ]\n  - [ zypper, -n, update ]\n  - [ reboot ]\n",
            "template": "  - [ zypper, -n, install, ${packages} ]\n  - [ zypper, -n, update ]\n  - [ reboot ]\n",
            "vars": {
              "packages": "which, wget, kernel-default, -kernel-default-base"
            }
          }
        }
      ]
    },
    {
      "mode": "managed",
      "type": "libvirt_cloudinit_disk",
      "name": "agent",
      "each": "list",
      "provider": "provider.libvirt",
      "instances": [
        {
          "index_key": 0,
          "schema_version": 0,
          "attributes": {
            "id": "/var/lib/libvirt/images/bankok-agent-cloudinit-disk-0;602c5cf1-c608-b0c3-66d1-1b4b98fb97bd",
            "meta_data": "",
            "name": "bankok-agent-cloudinit-disk-0",
            "network_config": "",
            "pool": "default",
            "user_data": "#cloud-config\n\n# set locale\nlocale: en_US.UTF-8\n\n# set timezone\ntimezone: Etc/UTC\n\n# set root password\nchpasswd:\n  list: |\n    root:SUSE-linux\n    opensuse:SUSE-linux\n  expire: False\n\nssh_authorized_keys:\n  - ssh-rsa AAAAB3NzaC1yc2EAAAADAQABAAABgQC1PluS3uR9V5xoT69/102mJJnzaL+FzyvmU+8QXIjhn2JC+n+OaKlQ05n7faEcNS+Ebv2Q1nUYthA7jVLZv/V8PCPg65JUQj2ALw+IM4J9wuIHanTkK7yknpF5ThjAz6HSF11rEVcpm/9vzSWKXOzTM/ucKbTiyRbps1HgozNYJtqXVaVpO1moPZ24xHbsdTfTzU98cpwxMRFVj5MBRm/GvnmXB5u5QJjTJOe6DdxNE3qwJCckYjJ9rTIjJzSl9NwGtH9+3kuBz8SPxHbKplDC517M0Ag99G9bqGoHpgyETRf32a4hvDVsWMlnCEWG4+RtABCgwsIeEZqc5JiSYRQZnIV2jrN7CJ4t8sugplgyIVBtCk1MJC20/lXOPXTk49T9x2wLRuKHShZo459aT44xSOVN1MD6O1luwx846o9Q28qEyqJWnFLkrDpPG2y1iVbvte63G6HagvcZQeEFCYQf+wWWM9Q5pr+gKt+iY6NOFZKkqlB+WOmvdfZKD/iUtwU= sles@k3ai-host-1\n\nntp:\n  enabled: true\n  ntp_client: chrony\n  config:\n    confpath: /etc/chrony.conf\n  servers:\n    - 0.novell.pool.ntp.org\n    - 1.novell.pool.ntp.org\n    - 2.novell.pool.ntp.org\n    - 3.novell.pool.ntp.org\n\n#packages:\n\nbootcmd:\n  - ip link set dev eth0 mtu 1400\n  # Hostnames from DHCP - otherwise localhost will be used\n  - /usr/bin/sed -ie \"s#DHCLIENT_SET_HOSTNAME=\\\"no\\\"#DHCLIENT_SET_HOSTNAME=\\\"yes\\\"#\" /etc/sysconfig/network/dhcp\n  - netconfig update -f\n\nruncmd:\n  - [ zypper, -n, install, which, wget, kernel-default, -kernel-default-base ]\n  - [ zypper, -n, update ]\n  - [ reboot ]\n\n\nfinal_message: \"The system is finally up, after $UPTIME seconds\"\n"
          },
          "private": "bnVsbA=="
        },
        {
          "index_key": 1,
          "schema_version": 0,
          "attributes": {
            "id": "/var/lib/libvirt/images/bankok-agent-cloudinit-disk-1;602c5cf1-e3d7-70fb-3443-2d74085a1d9f",
            "meta_data": "",
            "name": "bankok-agent-cloudinit-disk-1",
            "network_config": "",
            "pool": "default",
            "user_data": "#cloud-config\n\n# set locale\nlocale: en_US.UTF-8\n\n# set timezone\ntimezone: Etc/UTC\n\n# set root password\nchpasswd:\n  list: |\n    root:SUSE-linux\n    opensuse:SUSE-linux\n  expire: False\n\nssh_authorized_keys:\n  - ssh-rsa AAAAB3NzaC1yc2EAAAADAQABAAABgQC1PluS3uR9V5xoT69/102mJJnzaL+FzyvmU+8QXIjhn2JC+n+OaKlQ05n7faEcNS+Ebv2Q1nUYthA7jVLZv/V8PCPg65JUQj2ALw+IM4J9wuIHanTkK7yknpF5ThjAz6HSF11rEVcpm/9vzSWKXOzTM/ucKbTiyRbps1HgozNYJtqXVaVpO1moPZ24xHbsdTfTzU98cpwxMRFVj5MBRm/GvnmXB5u5QJjTJOe6DdxNE3qwJCckYjJ9rTIjJzSl9NwGtH9+3kuBz8SPxHbKplDC517M0Ag99G9bqGoHpgyETRf32a4hvDVsWMlnCEWG4+RtABCgwsIeEZqc5JiSYRQZnIV2jrN7CJ4t8sugplgyIVBtCk1MJC20/lXOPXTk49T9x2wLRuKHShZo459aT44xSOVN1MD6O1luwx846o9Q28qEyqJWnFLkrDpPG2y1iVbvte63G6HagvcZQeEFCYQf+wWWM9Q5pr+gKt+iY6NOFZKkqlB+WOmvdfZKD/iUtwU= sles@k3ai-host-1\n\nntp:\n  enabled: true\n  ntp_client: chrony\n  config:\n    confpath: /etc/chrony.conf\n  servers:\n    - 0.novell.pool.ntp.org\n    - 1.novell.pool.ntp.org\n    - 2.novell.pool.ntp.org\n    - 3.novell.pool.ntp.org\n\n#packages:\n\nbootcmd:\n  - ip link set dev eth0 mtu 1400\n  # Hostnames from DHCP - otherwise localhost will be used\n  - /usr/bin/sed -ie \"s#DHCLIENT_SET_HOSTNAME=\\\"no\\\"#DHCLIENT_SET_HOSTNAME=\\\"yes\\\"#\" /etc/sysconfig/network/dhcp\n  - netconfig update -f\n\nruncmd:\n  - [ zypper, -n, install, which, wget, kernel-default, -kernel-default-base ]\n  - [ zypper, -n, update ]\n  - [ reboot ]\n\n\nfinal_message: \"The system is finally up, after $UPTIME seconds\"\n"
          },
          "private": "bnVsbA=="
        }
      ]
    },
    {
      "mode": "managed",
      "type": "libvirt_cloudinit_disk",
      "name": "server",
      "each": "list",
      "provider": "provider.libvirt",
      "instances": [
        {
          "index_key": 0,
          "schema_version": 0,
          "attributes": {
            "id": "/var/lib/libvirt/images/bankok-server-cloudinit-disk-0;602c5cf1-2e85-5d05-5363-fe43083e63c9",
            "meta_data": "",
            "name": "bankok-server-cloudinit-disk-0",
            "network_config": "",
            "pool": "default",
            "user_data": "#cloud-config\n\n# set locale\nlocale: en_US.UTF-8\n\n# set timezone\ntimezone: Etc/UTC\n\n# set root password\nchpasswd:\n  list: |\n    root:SUSE-linux\n    opensuse:SUSE-linux\n  expire: False\n\nssh_authorized_keys:\n  - ssh-rsa AAAAB3NzaC1yc2EAAAADAQABAAABgQC1PluS3uR9V5xoT69/102mJJnzaL+FzyvmU+8QXIjhn2JC+n+OaKlQ05n7faEcNS+Ebv2Q1nUYthA7jVLZv/V8PCPg65JUQj2ALw+IM4J9wuIHanTkK7yknpF5ThjAz6HSF11rEVcpm/9vzSWKXOzTM/ucKbTiyRbps1HgozNYJtqXVaVpO1moPZ24xHbsdTfTzU98cpwxMRFVj5MBRm/GvnmXB5u5QJjTJOe6DdxNE3qwJCckYjJ9rTIjJzSl9NwGtH9+3kuBz8SPxHbKplDC517M0Ag99G9bqGoHpgyETRf32a4hvDVsWMlnCEWG4+RtABCgwsIeEZqc5JiSYRQZnIV2jrN7CJ4t8sugplgyIVBtCk1MJC20/lXOPXTk49T9x2wLRuKHShZo459aT44xSOVN1MD6O1luwx846o9Q28qEyqJWnFLkrDpPG2y1iVbvte63G6HagvcZQeEFCYQf+wWWM9Q5pr+gKt+iY6NOFZKkqlB+WOmvdfZKD/iUtwU= sles@k3ai-host-1\n\nntp:\n  enabled: true\n  ntp_client: chrony\n  config:\n    confpath: /etc/chrony.conf\n  servers:\n    - 0.novell.pool.ntp.org\n    - 1.novell.pool.ntp.org\n    - 2.novell.pool.ntp.org\n    - 3.novell.pool.ntp.org\n\n#packages:\n\nbootcmd:\n  - ip link set dev eth0 mtu 1400\n  # Hostnames from DHCP - otherwise localhost will be used\n  - /usr/bin/sed -ie \"s#DHCLIENT_SET_HOSTNAME=\\\"no\\\"#DHCLIENT_SET_HOSTNAME=\\\"yes\\\"#\" /etc/sysconfig/network/dhcp\n  - netconfig update -f\n\nruncmd:\n  - [ zypper, -n, install, which, wget, kernel-default, -kernel-default-base ]\n  - [ zypper, -n, update ]\n  - [ reboot ]\n\n\nfinal_message: \"The system is finally up, after $UPTIME seconds\"\n"
          },
          "private": "bnVsbA=="
        }
      ]
    },
    {
      "mode": "managed",
      "type": "libvirt_domain",
      "name": "agent",
      "each": "list",
      "provider": "provider.libvirt",
      "instances": [
        {
          "index_key": 0,
          "schema_version": 0,
          "attributes": {
            "arch": "x86_64",
            "autostart": false,
            "boot_device": [],
            "cloudinit": "/var/lib/libvirt/images/bankok-agent-cloudinit-disk-0;602c5cf1-c608-b0c3-66d1-1b4b98fb97bd",
            "cmdline": null,
            "console": [],
            "coreos_ignition": null,
            "cpu": {
              "mode": "host-passthrough"
            },
            "description": "",
            "disk": [
              {
                "block_device": "",
                "file": "",
                "scsi": false,
                "url": "",
                "volume_id": "/var/lib/libvirt/images/bankok-agent-volume-0",
                "wwn": ""
              }
            ],
            "emulator": "/usr/bin/qemu-system-x86_64",
            "filesystem": [],
            "firmware": "",
            "fw_cfg_name": "opt/com.coreos/config",
            "graphics": [
              {
                "autoport": true,
                "listen_address": "127.0.0.1",
                "listen_type": "address",
                "type": "vnc"
              }
            ],
            "id": "ba0dcce9-c3c5-4c79-af43-359ba23ed73b",
            "initrd": "",
            "kernel": "",
            "machine": "pc",
            "memory": 4096,
            "metadata": null,
            "name": "bankok-agent-0",
            "network_interface": [
              {
                "addresses": [
                  "10.111.1.14"
                ],
                "bridge": "",
                "hostname": "bankok-agent-0",
                "mac": "52:54:00:DE:1F:FF",
                "macvtap": "",
                "network_id": "977f9554-e5b1-40a9-9318-28e2f4a885b0",
                "network_name": "bankok-network",
                "passthrough": "",
                "vepa": "",
                "wait_for_lease": true
              }
            ],
            "nvram": [],
            "qemu_agent": false,
            "running": true,
            "timeouts": null,
            "vcpu": 4,
            "video": [],
            "xml": []
          },
          "private": "eyJlMmJmYjczMC1lY2FhLTExZTYtOGY4OC0zNDM2M2JjN2M0YzAiOnsiY3JlYXRlIjozMDAwMDAwMDAwMDB9fQ==",
          "dependencies": [
            "libvirt_cloudinit_disk.agent",
            "libvirt_network.network",
            "libvirt_volume.agent",
            "libvirt_volume.img"
          ]
        },
        {
          "index_key": 1,
          "schema_version": 0,
          "attributes": {
            "arch": "x86_64",
            "autostart": false,
            "boot_device": [],
            "cloudinit": "/var/lib/libvirt/images/bankok-agent-cloudinit-disk-1;602c5cf1-e3d7-70fb-3443-2d74085a1d9f",
            "cmdline": null,
            "console": [],
            "coreos_ignition": null,
            "cpu": {
              "mode": "host-passthrough"
            },
            "description": "",
            "disk": [
              {
                "block_device": "",
                "file": "",
                "scsi": false,
                "url": "",
                "volume_id": "/var/lib/libvirt/images/bankok-agent-volume-1",
                "wwn": ""
              }
            ],
            "emulator": "/usr/bin/qemu-system-x86_64",
            "filesystem": [],
            "firmware": "",
            "fw_cfg_name": "opt/com.coreos/config",
            "graphics": [
              {
                "autoport": true,
                "listen_address": "127.0.0.1",
                "listen_type": "address",
                "type": "vnc"
              }
            ],
            "id": "da81c65f-2866-4796-b8c3-a27b17df5aea",
            "initrd": "",
            "kernel": "",
            "machine": "pc",
            "memory": 4096,
            "metadata": null,
            "name": "bankok-agent-1",
            "network_interface": [
              {
                "addresses": [
                  "10.111.1.15"
                ],
                "bridge": "",
                "hostname": "bankok-agent-1",
                "mac": "52:54:00:0E:86:57",
                "macvtap": "",
                "network_id": "977f9554-e5b1-40a9-9318-28e2f4a885b0",
                "network_name": "bankok-network",
                "passthrough": "",
                "vepa": "",
                "wait_for_lease": true
              }
            ],
            "nvram": [],
            "qemu_agent": false,
            "running": true,
            "timeouts": null,
            "vcpu": 4,
            "video": [],
            "xml": []
          },
          "private": "eyJlMmJmYjczMC1lY2FhLTExZTYtOGY4OC0zNDM2M2JjN2M0YzAiOnsiY3JlYXRlIjozMDAwMDAwMDAwMDB9fQ==",
          "dependencies": [
            "libvirt_cloudinit_disk.agent",
            "libvirt_network.network",
            "libvirt_volume.agent",
            "libvirt_volume.img"
          ]
        }
      ]
    },
    {
      "mode": "managed",
      "type": "libvirt_domain",
      "name": "server",
      "each": "list",
      "provider": "provider.libvirt",
      "instances": [
        {
          "index_key": 0,
          "schema_version": 0,
          "attributes": {
            "arch": "x86_64",
            "autostart": false,
            "boot_device": [],
            "cloudinit": "/var/lib/libvirt/images/bankok-server-cloudinit-disk-0;602c5cf1-2e85-5d05-5363-fe43083e63c9",
            "cmdline": null,
            "console": [],
            "coreos_ignition": null,
            "cpu": {
              "mode": "host-passthrough"
            },
            "description": "",
            "disk": [
              {
                "block_device": "",
                "file": "",
                "scsi": false,
                "url": "",
                "volume_id": "/var/lib/libvirt/images/bankok-server-volume-0",
                "wwn": ""
              }
            ],
            "emulator": "/usr/bin/qemu-system-x86_64",
            "filesystem": [],
            "firmware": "",
            "fw_cfg_name": "opt/com.coreos/config",
            "graphics": [
              {
                "autoport": true,
                "listen_address": "127.0.0.1",
                "listen_type": "address",
                "type": "vnc"
              }
            ],
            "id": "d2fec9a4-02c7-4700-8c4d-5611c1bb1629",
            "initrd": "",
            "kernel": "",
            "machine": "pc",
            "memory": 4096,
            "metadata": null,
            "name": "bankok-server-0",
            "network_interface": [
              {
                "addresses": [
                  "10.111.1.11"
                ],
                "bridge": "",
                "hostname": "bankok-server-0",
                "mac": "52:54:00:1A:09:49",
                "macvtap": "",
                "network_id": "977f9554-e5b1-40a9-9318-28e2f4a885b0",
                "network_name": "bankok-network",
                "passthrough": "",
                "vepa": "",
                "wait_for_lease": true
              }
            ],
            "nvram": [],
            "qemu_agent": false,
            "running": true,
            "timeouts": null,
            "vcpu": 4,
            "video": [],
            "xml": []
          },
          "private": "eyJlMmJmYjczMC1lY2FhLTExZTYtOGY4OC0zNDM2M2JjN2M0YzAiOnsiY3JlYXRlIjozMDAwMDAwMDAwMDB9fQ==",
          "dependencies": [
            "libvirt_cloudinit_disk.server",
            "libvirt_network.network",
            "libvirt_volume.img",
            "libvirt_volume.server"
          ]
        }
      ]
    },
    {
      "mode": "managed",
      "type": "libvirt_network",
      "name": "network",
      "provider": "provider.libvirt",
      "instances": [
        {
          "schema_version": 0,
          "attributes": {
            "addresses": [
              "10.111.1.0/24"
            ],
            "autostart": false,
            "bridge": "virbr1",
            "dhcp": [],
            "dns": [
              {
                "enabled": true,
                "forwarders": [],
                "hosts": [],
                "local_only": false,
                "srvs": []
              }
            ],
            "domain": "sandbox.local",
            "id": "977f9554-e5b1-40a9-9318-28e2f4a885b0",
            "mode": "nat",
            "mtu": null,
            "name": "bankok-network",
            "routes": [],
            "xml": []
          },
          "private": "bnVsbA=="
        }
      ]
    },
    {
      "mode": "managed",
      "type": "libvirt_volume",
      "name": "agent",
      "each": "list",
      "provider": "provider.libvirt",
      "instances": [
        {
          "index_key": 0,
          "schema_version": 0,
          "attributes": {
            "base_volume_id": "/var/lib/libvirt/images/bankok-openSUSE-Leap-15.2-JeOS.x86_64-15.2-OpenStack-Cloud-Build31.348.qcow2",
            "base_volume_name": null,
            "base_volume_pool": null,
            "format": "qcow2",
            "id": "/var/lib/libvirt/images/bankok-agent-volume-0",
            "name": "bankok-agent-volume-0",
            "pool": "default",
            "size": 25769803776,
            "source": null,
            "xml": []
          },
          "private": "bnVsbA==",
          "dependencies": [
            "libvirt_volume.img"
          ]
        },
        {
          "index_key": 1,
          "schema_version": 0,
          "attributes": {
            "base_volume_id": "/var/lib/libvirt/images/bankok-openSUSE-Leap-15.2-JeOS.x86_64-15.2-OpenStack-Cloud-Build31.348.qcow2",
            "base_volume_name": null,
            "base_volume_pool": null,
            "format": "qcow2",
            "id": "/var/lib/libvirt/images/bankok-agent-volume-1",
            "name": "bankok-agent-volume-1",
            "pool": "default",
            "size": 25769803776,
            "source": null,
            "xml": []
          },
          "private": "bnVsbA==",
          "dependencies": [
            "libvirt_volume.img"
          ]
        }
      ]
    },
    {
      "mode": "managed",
      "type": "libvirt_volume",
      "name": "img",
      "provider": "provider.libvirt",
      "instances": [
        {
          "schema_version": 0,
          "attributes": {
            "base_volume_id": null,
            "base_volume_name": null,
            "base_volume_pool": null,
            "format": "qcow2",
            "id": "/var/lib/libvirt/images/bankok-openSUSE-Leap-15.2-JeOS.x86_64-15.2-OpenStack-Cloud-Build31.348.qcow2",
            "name": "bankok-openSUSE-Leap-15.2-JeOS.x86_64-15.2-OpenStack-Cloud-Build31.348.qcow2",
            "pool": "default",
            "size": 1073741824,
            "source": "images/openSUSE-Leap-15.2-JeOS.x86_64-15.2-OpenStack-Cloud-Build31.348.qcow2",
            "xml": []
          },
          "private": "bnVsbA=="
        }
      ]
    },
    {
      "mode": "managed",
      "type": "libvirt_volume",
      "name": "server",
      "each": "list",
      "provider": "provider.libvirt",
      "instances": [
        {
          "index_key": 0,
          "schema_version": 0,
          "attributes": {
            "base_volume_id": "/var/lib/libvirt/images/bankok-openSUSE-Leap-15.2-JeOS.x86_64-15.2-OpenStack-Cloud-Build31.348.qcow2",
            "base_volume_name": null,
            "base_volume_pool": null,
            "format": "qcow2",
            "id": "/var/lib/libvirt/images/bankok-server-volume-0",
            "name": "bankok-server-volume-0",
            "pool": "default",
            "size": 25769803776,
            "source": null,
            "xml": []
          },
          "private": "bnVsbA==",
          "dependencies": [
            "libvirt_volume.img"
          ]
        }
      ]
    }
  ]
}
