{
  "version": 4,
  "terraform_version": "0.12.25",
  "serial": 177,
  "lineage": "0b792c76-e06d-238a-db43-5928af7de312",
  "outputs": {
    "cluster_registration_token": {
      "value": {
        "annotations": {},
        "cluster_id": "c-kf5k6",
        "command": "kubectl apply -f https://rancher.susealliances.com/v3/import/ngcgkw7hdwqfwt2xlkn5c4lnd5fxcxk5t25n8654lpxwbqdjhs6dfh.yaml",
        "id": "c-kf5k6:system",
        "insecure_command": "curl --insecure -sfL https://rancher.susealliances.com/v3/import/ngcgkw7hdwqfwt2xlkn5c4lnd5fxcxk5t25n8654lpxwbqdjhs6dfh.yaml | kubectl apply -f -",
        "labels": {
          "cattle.io/creator": "norman"
        },
        "manifest_url": "https://rancher.susealliances.com/v3/import/ngcgkw7hdwqfwt2xlkn5c4lnd5fxcxk5t25n8654lpxwbqdjhs6dfh.yaml",
        "name": "system",
        "node_command": "sudo docker run -d --privileged --restart=unless-stopped --net=host -v /etc/kubernetes:/etc/kubernetes -v /var/run:/var/run rancher/rancher-agent:v2.5.3 --server https://rancher.susealliances.com --token ngcgkw7hdwqfwt2xlkn5c4lnd5fxcxk5t25n8654lpxwbqdjhs6dfh",
        "token": "ngcgkw7hdwqfwt2xlkn5c4lnd5fxcxk5t25n8654lpxwbqdjhs6dfh",
        "windows_node_command": "PowerShell -NoLogo -NonInteractive -Command \"\u0026 {docker run -v c:\\:c:\\host rancher/rancher-agent:v2.5.3 bootstrap --server https://rancher.susealliances.com --token ngcgkw7hdwqfwt2xlkn5c4lnd5fxcxk5t25n8654lpxwbqdjhs6dfh | iex}\""
      },
      "type": [
        "object",
        {
          "annotations": [
            "map",
            "string"
          ],
          "cluster_id": "string",
          "command": "string",
          "id": "string",
          "insecure_command": "string",
          "labels": [
            "map",
            "string"
          ],
          "manifest_url": "string",
          "name": "string",
          "node_command": "string",
          "token": "string",
          "windows_node_command": "string"
        }
      ],
      "sensitive": true
    },
    "ip_agents": {
      "value": {
        "munich-agent-0": "10.111.3.14",
        "munich-agent-1": "10.111.3.15"
      },
      "type": [
        "object",
        {
          "munich-agent-0": "string",
          "munich-agent-1": "string"
        }
      ]
    },
    "ip_servers": {
      "value": {
        "munich-server-0": "10.111.3.11"
      },
      "type": [
        "object",
        {
          "munich-server-0": "string"
        }
      ]
    }
  },
  "resources": [
    {
      "mode": "data",
      "type": "rancher2_cluster",
      "name": "k3s-cluster",
      "provider": "provider.rancher2",
      "instances": [
        {
          "schema_version": 0,
          "attributes": {
            "aks_config": null,
            "annotations": {
              "authz.management.cattle.io/creator-role-bindings": "{\"created\":[\"cluster-owner\"],\"required\":[\"cluster-owner\"]}",
              "lifecycle.cattle.io/create.cluster-agent-controller-cleanup": "true",
              "lifecycle.cattle.io/create.cluster-scoped-gc": "true",
              "lifecycle.cattle.io/create.mgmt-cluster-rbac-remove": "true"
            },
            "cluster_auth_endpoint": [
              {
                "ca_certs": "",
                "enabled": false,
                "fqdn": ""
              }
            ],
            "cluster_monitoring_input": [],
            "cluster_registration_token": [
              {
                "annotations": {},
                "cluster_id": "c-kf5k6",
                "command": "kubectl apply -f https://rancher.susealliances.com/v3/import/ngcgkw7hdwqfwt2xlkn5c4lnd5fxcxk5t25n8654lpxwbqdjhs6dfh.yaml",
                "id": "c-kf5k6:system",
                "insecure_command": "curl --insecure -sfL https://rancher.susealliances.com/v3/import/ngcgkw7hdwqfwt2xlkn5c4lnd5fxcxk5t25n8654lpxwbqdjhs6dfh.yaml | kubectl apply -f -",
                "labels": {
                  "cattle.io/creator": "norman"
                },
                "manifest_url": "https://rancher.susealliances.com/v3/import/ngcgkw7hdwqfwt2xlkn5c4lnd5fxcxk5t25n8654lpxwbqdjhs6dfh.yaml",
                "name": "system",
                "node_command": "sudo docker run -d --privileged --restart=unless-stopped --net=host -v /etc/kubernetes:/etc/kubernetes -v /var/run:/var/run rancher/rancher-agent:v2.5.3 --server https://rancher.susealliances.com --token ngcgkw7hdwqfwt2xlkn5c4lnd5fxcxk5t25n8654lpxwbqdjhs6dfh",
                "token": "ngcgkw7hdwqfwt2xlkn5c4lnd5fxcxk5t25n8654lpxwbqdjhs6dfh",
                "windows_node_command": "PowerShell -NoLogo -NonInteractive -Command \"\u0026 {docker run -v c:\\:c:\\host rancher/rancher-agent:v2.5.3 bootstrap --server https://rancher.susealliances.com --token ngcgkw7hdwqfwt2xlkn5c4lnd5fxcxk5t25n8654lpxwbqdjhs6dfh | iex}\""
              }
            ],
            "cluster_template_answers": null,
            "cluster_template_id": null,
            "cluster_template_questions": null,
            "cluster_template_revision_id": null,
            "default_pod_security_policy_template_id": null,
            "default_project_id": "c-kf5k6:p-x4g8k",
            "description": "K3s imported cluster",
            "driver": "",
            "eks_config": null,
            "eks_config_v2": null,
            "enable_cluster_alerting": false,
            "enable_cluster_monitoring": false,
            "enable_network_policy": false,
            "gke_config": null,
            "id": "c-kf5k6",
            "k3s_config": [],
            "kube_config": "apiVersion: v1\nkind: Config\nclusters:\n- name: \"k3ai-munich\"\n  cluster:\n    server: \"https://rancher.susealliances.com/k8s/clusters/c-kf5k6\"\n\nusers:\n- name: \"k3ai-munich\"\n  user:\n    token: \"kubeconfig-u-z52kh:zwnwjkgkdp7b6xvggt6r8ddc5jdr7s9kkg5gx292j4j57h8n6wcwkx\"\n\n\ncontexts:\n- name: \"k3ai-munich\"\n  context:\n    user: \"k3ai-munich\"\n    cluster: \"k3ai-munich\"\n\ncurrent-context: \"k3ai-munich\"\n",
            "labels": {
              "cattle.io/creator": "norman",
              "fleet.cattle.io/cluster-name": "c-kf5k6"
            },
            "name": "k3ai-munich",
            "oke_config": null,
            "rke_config": [],
            "scheduled_cluster_scan": null,
            "system_project_id": "c-kf5k6:p-dm8wh"
          }
        }
      ]
    },
    {
      "mode": "data",
      "type": "template_file",
      "name": "agent-cloud-init",
      "provider": "provider.template",
      "instances": [
        {
          "schema_version": 0,
          "attributes": {
            "filename": null,
            "id": "f9bec07a48613f484965c762c94e82908a0edef3b09e972112f16de1abcfa5d4",
            "rendered": "#cloud-config\n\n# set locale\nlocale: en_US.UTF-8\n\n# set timezone\ntimezone: Etc/UTC\n\n# set root password\nchpasswd:\n  list: |\n    root:SUSE-linux\n    opensuse:SUSE-linux\n  expire: False\n\nssh_authorized_keys:\n  - ssh-rsa AAAAB3NzaC1yc2EAAAADAQABAAABgQC1PluS3uR9V5xoT69/102mJJnzaL+FzyvmU+8QXIjhn2JC+n+OaKlQ05n7faEcNS+Ebv2Q1nUYthA7jVLZv/V8PCPg65JUQj2ALw+IM4J9wuIHanTkK7yknpF5ThjAz6HSF11rEVcpm/9vzSWKXOzTM/ucKbTiyRbps1HgozNYJtqXVaVpO1moPZ24xHbsdTfTzU98cpwxMRFVj5MBRm/GvnmXB5u5QJjTJOe6DdxNE3qwJCckYjJ9rTIjJzSl9NwGtH9+3kuBz8SPxHbKplDC517M0Ag99G9bqGoHpgyETRf32a4hvDVsWMlnCEWG4+RtABCgwsIeEZqc5JiSYRQZnIV2jrN7CJ4t8sugplgyIVBtCk1MJC20/lXOPXTk49T9x2wLRuKHShZo459aT44xSOVN1MD6O1luwx846o9Q28qEyqJWnFLkrDpPG2y1iVbvte63G6HagvcZQeEFCYQf+wWWM9Q5pr+gKt+iY6NOFZKkqlB+WOmvdfZKD/iUtwU= sles@k3ai-host-1\n\nntp:\n  enabled: true\n  ntp_client: chrony\n  config:\n    confpath: /etc/chrony.conf\n  servers:\n    - 0.novell.pool.ntp.org\n    - 1.novell.pool.ntp.org\n    - 2.novell.pool.ntp.org\n    - 3.novell.pool.ntp.org\n\n#packages:\n\nbootcmd:\n  - ip link set dev eth0 mtu 1400\n  # Hostnames from DHCP - otherwise localhost will be used\n  - /usr/bin/sed -ie \"s#DHCLIENT_SET_HOSTNAME=\\\"no\\\"#DHCLIENT_SET_HOSTNAME=\\\"yes\\\"#\" /etc/sysconfig/network/dhcp\n  - netconfig update -f\n\nruncmd:\n  - [ zypper, -n, update ]\n  - [ zypper, -n, install, which, wget, kernel-default, -kernel-default-base ]\n  - [ reboot ]\n\n\nfinal_message: \"The system is finally up, after $UPTIME seconds\"\n",
            "template": "#cloud-config\n\n# set locale\nlocale: en_US.UTF-8\n\n# set timezone\ntimezone: Etc/UTC\n\n# set root password\nchpasswd:\n  list: |\n    root:SUSE-linux\n    ${username}:${password}\n  expire: False\n\nssh_authorized_keys:\n${authorized_keys}\n\nntp:\n  enabled: true\n  ntp_client: chrony\n  config:\n    confpath: /etc/chrony.conf\n  servers:\n${ntp_servers}\n\n#packages:\n\nbootcmd:\n  - ip link set dev eth0 mtu 1400\n  # Hostnames from DHCP - otherwise localhost will be used\n  - /usr/bin/sed -ie \"s#DHCLIENT_SET_HOSTNAME=\\\"no\\\"#DHCLIENT_SET_HOSTNAME=\\\"yes\\\"#\" /etc/sysconfig/network/dhcp\n  - netconfig update -f\n\nruncmd:\n${commands}\n\nfinal_message: \"The system is finally up, after $UPTIME seconds\"\n",
            "vars": {
              "authorized_keys": "  - ssh-rsa AAAAB3NzaC1yc2EAAAADAQABAAABgQC1PluS3uR9V5xoT69/102mJJnzaL+FzyvmU+8QXIjhn2JC+n+OaKlQ05n7faEcNS+Ebv2Q1nUYthA7jVLZv/V8PCPg65JUQj2ALw+IM4J9wuIHanTkK7yknpF5ThjAz6HSF11rEVcpm/9vzSWKXOzTM/ucKbTiyRbps1HgozNYJtqXVaVpO1moPZ24xHbsdTfTzU98cpwxMRFVj5MBRm/GvnmXB5u5QJjTJOe6DdxNE3qwJCckYjJ9rTIjJzSl9NwGtH9+3kuBz8SPxHbKplDC517M0Ag99G9bqGoHpgyETRf32a4hvDVsWMlnCEWG4+RtABCgwsIeEZqc5JiSYRQZnIV2jrN7CJ4t8sugplgyIVBtCk1MJC20/lXOPXTk49T9x2wLRuKHShZo459aT44xSOVN1MD6O1luwx846o9Q28qEyqJWnFLkrDpPG2y1iVbvte63G6HagvcZQeEFCYQf+wWWM9Q5pr+gKt+iY6NOFZKkqlB+WOmvdfZKD/iUtwU= sles@k3ai-host-1",
              "commands": "  - [ zypper, -n, update ]\n  - [ zypper, -n, install, which, wget, kernel-default, -kernel-default-base ]\n  - [ reboot ]\n",
              "ntp_servers": "    - 0.novell.pool.ntp.org\n    - 1.novell.pool.ntp.org\n    - 2.novell.pool.ntp.org\n    - 3.novell.pool.ntp.org",
              "password": "SUSE-linux",
              "username": "opensuse"
            }
          }
        }
      ]
    },
    {
      "mode": "data",
      "type": "template_file",
      "name": "agent_commands",
      "each": "list",
      "provider": "provider.template",
      "instances": [
        {
          "index_key": 0,
          "schema_version": 0,
          "attributes": {
            "filename": null,
            "id": "71cfaccb69a9e6705af5b4252bd68a10c036518a9d0f619f2a5208207ce3ac74",
            "rendered": "  - [ zypper, -n, update ]\n  - [ zypper, -n, install, which, wget, kernel-default, -kernel-default-base ]\n  - [ reboot ]\n",
            "template": "  - [ zypper, -n, update ]\n  - [ zypper, -n, install, ${packages} ]\n  - [ reboot ]\n",
            "vars": {
              "packages": "which, wget, kernel-default, -kernel-default-base"
            }
          }
        }
      ]
    },
    {
      "mode": "data",
      "type": "template_file",
      "name": "server-cloud-init",
      "provider": "provider.template",
      "instances": [
        {
          "schema_version": 0,
          "attributes": {
            "filename": null,
            "id": "f9bec07a48613f484965c762c94e82908a0edef3b09e972112f16de1abcfa5d4",
            "rendered": "#cloud-config\n\n# set locale\nlocale: en_US.UTF-8\n\n# set timezone\ntimezone: Etc/UTC\n\n# set root password\nchpasswd:\n  list: |\n    root:SUSE-linux\n    opensuse:SUSE-linux\n  expire: False\n\nssh_authorized_keys:\n  - ssh-rsa AAAAB3NzaC1yc2EAAAADAQABAAABgQC1PluS3uR9V5xoT69/102mJJnzaL+FzyvmU+8QXIjhn2JC+n+OaKlQ05n7faEcNS+Ebv2Q1nUYthA7jVLZv/V8PCPg65JUQj2ALw+IM4J9wuIHanTkK7yknpF5ThjAz6HSF11rEVcpm/9vzSWKXOzTM/ucKbTiyRbps1HgozNYJtqXVaVpO1moPZ24xHbsdTfTzU98cpwxMRFVj5MBRm/GvnmXB5u5QJjTJOe6DdxNE3qwJCckYjJ9rTIjJzSl9NwGtH9+3kuBz8SPxHbKplDC517M0Ag99G9bqGoHpgyETRf32a4hvDVsWMlnCEWG4+RtABCgwsIeEZqc5JiSYRQZnIV2jrN7CJ4t8sugplgyIVBtCk1MJC20/lXOPXTk49T9x2wLRuKHShZo459aT44xSOVN1MD6O1luwx846o9Q28qEyqJWnFLkrDpPG2y1iVbvte63G6HagvcZQeEFCYQf+wWWM9Q5pr+gKt+iY6NOFZKkqlB+WOmvdfZKD/iUtwU= sles@k3ai-host-1\n\nntp:\n  enabled: true\n  ntp_client: chrony\n  config:\n    confpath: /etc/chrony.conf\n  servers:\n    - 0.novell.pool.ntp.org\n    - 1.novell.pool.ntp.org\n    - 2.novell.pool.ntp.org\n    - 3.novell.pool.ntp.org\n\n#packages:\n\nbootcmd:\n  - ip link set dev eth0 mtu 1400\n  # Hostnames from DHCP - otherwise localhost will be used\n  - /usr/bin/sed -ie \"s#DHCLIENT_SET_HOSTNAME=\\\"no\\\"#DHCLIENT_SET_HOSTNAME=\\\"yes\\\"#\" /etc/sysconfig/network/dhcp\n  - netconfig update -f\n\nruncmd:\n  - [ zypper, -n, update ]\n  - [ zypper, -n, install, which, wget, kernel-default, -kernel-default-base ]\n  - [ reboot ]\n\n\nfinal_message: \"The system is finally up, after $UPTIME seconds\"\n",
            "template": "#cloud-config\n\n# set locale\nlocale: en_US.UTF-8\n\n# set timezone\ntimezone: Etc/UTC\n\n# set root password\nchpasswd:\n  list: |\n    root:SUSE-linux\n    ${username}:${password}\n  expire: False\n\nssh_authorized_keys:\n${authorized_keys}\n\nntp:\n  enabled: true\n  ntp_client: chrony\n  config:\n    confpath: /etc/chrony.conf\n  servers:\n${ntp_servers}\n\n#packages:\n\nbootcmd:\n  - ip link set dev eth0 mtu 1400\n  # Hostnames from DHCP - otherwise localhost will be used\n  - /usr/bin/sed -ie \"s#DHCLIENT_SET_HOSTNAME=\\\"no\\\"#DHCLIENT_SET_HOSTNAME=\\\"yes\\\"#\" /etc/sysconfig/network/dhcp\n  - netconfig update -f\n\nruncmd:\n${commands}\n\nfinal_message: \"The system is finally up, after $UPTIME seconds\"\n",
            "vars": {
              "authorized_keys": "  - ssh-rsa AAAAB3NzaC1yc2EAAAADAQABAAABgQC1PluS3uR9V5xoT69/102mJJnzaL+FzyvmU+8QXIjhn2JC+n+OaKlQ05n7faEcNS+Ebv2Q1nUYthA7jVLZv/V8PCPg65JUQj2ALw+IM4J9wuIHanTkK7yknpF5ThjAz6HSF11rEVcpm/9vzSWKXOzTM/ucKbTiyRbps1HgozNYJtqXVaVpO1moPZ24xHbsdTfTzU98cpwxMRFVj5MBRm/GvnmXB5u5QJjTJOe6DdxNE3qwJCckYjJ9rTIjJzSl9NwGtH9+3kuBz8SPxHbKplDC517M0Ag99G9bqGoHpgyETRf32a4hvDVsWMlnCEWG4+RtABCgwsIeEZqc5JiSYRQZnIV2jrN7CJ4t8sugplgyIVBtCk1MJC20/lXOPXTk49T9x2wLRuKHShZo459aT44xSOVN1MD6O1luwx846o9Q28qEyqJWnFLkrDpPG2y1iVbvte63G6HagvcZQeEFCYQf+wWWM9Q5pr+gKt+iY6NOFZKkqlB+WOmvdfZKD/iUtwU= sles@k3ai-host-1",
              "commands": "  - [ zypper, -n, update ]\n  - [ zypper, -n, install, which, wget, kernel-default, -kernel-default-base ]\n  - [ reboot ]\n",
              "ntp_servers": "    - 0.novell.pool.ntp.org\n    - 1.novell.pool.ntp.org\n    - 2.novell.pool.ntp.org\n    - 3.novell.pool.ntp.org",
              "password": "SUSE-linux",
              "username": "opensuse"
            }
          }
        }
      ]
    },
    {
      "mode": "data",
      "type": "template_file",
      "name": "server_commands",
      "each": "list",
      "provider": "provider.template",
      "instances": [
        {
          "index_key": 0,
          "schema_version": 0,
          "attributes": {
            "filename": null,
            "id": "71cfaccb69a9e6705af5b4252bd68a10c036518a9d0f619f2a5208207ce3ac74",
            "rendered": "  - [ zypper, -n, update ]\n  - [ zypper, -n, install, which, wget, kernel-default, -kernel-default-base ]\n  - [ reboot ]\n",
            "template": "  - [ zypper, -n, update ]\n  - [ zypper, -n, install, ${packages} ]\n  - [ reboot ]\n",
            "vars": {
              "packages": "which, wget, kernel-default, -kernel-default-base"
            }
          }
        }
      ]
    },
    {
      "mode": "managed",
      "type": "libvirt_cloudinit_disk",
      "name": "agent",
      "each": "list",
      "provider": "provider.libvirt",
      "instances": [
        {
          "index_key": 0,
          "schema_version": 0,
          "attributes": {
            "id": "/var/lib/libvirt/images/munich-agent-cloudinit-disk-0;602febf8-fffe-1088-d6af-cfb729c819cc",
            "meta_data": "",
            "name": "munich-agent-cloudinit-disk-0",
            "network_config": "",
            "pool": "default",
            "user_data": "#cloud-config\n\n# set locale\nlocale: en_US.UTF-8\n\n# set timezone\ntimezone: Etc/UTC\n\n# set root password\nchpasswd:\n  list: |\n    root:SUSE-linux\n    opensuse:SUSE-linux\n  expire: False\n\nssh_authorized_keys:\n  - ssh-rsa AAAAB3NzaC1yc2EAAAADAQABAAABgQC1PluS3uR9V5xoT69/102mJJnzaL+FzyvmU+8QXIjhn2JC+n+OaKlQ05n7faEcNS+Ebv2Q1nUYthA7jVLZv/V8PCPg65JUQj2ALw+IM4J9wuIHanTkK7yknpF5ThjAz6HSF11rEVcpm/9vzSWKXOzTM/ucKbTiyRbps1HgozNYJtqXVaVpO1moPZ24xHbsdTfTzU98cpwxMRFVj5MBRm/GvnmXB5u5QJjTJOe6DdxNE3qwJCckYjJ9rTIjJzSl9NwGtH9+3kuBz8SPxHbKplDC517M0Ag99G9bqGoHpgyETRf32a4hvDVsWMlnCEWG4+RtABCgwsIeEZqc5JiSYRQZnIV2jrN7CJ4t8sugplgyIVBtCk1MJC20/lXOPXTk49T9x2wLRuKHShZo459aT44xSOVN1MD6O1luwx846o9Q28qEyqJWnFLkrDpPG2y1iVbvte63G6HagvcZQeEFCYQf+wWWM9Q5pr+gKt+iY6NOFZKkqlB+WOmvdfZKD/iUtwU= sles@k3ai-host-1\n\nntp:\n  enabled: true\n  ntp_client: chrony\n  config:\n    confpath: /etc/chrony.conf\n  servers:\n    - 0.novell.pool.ntp.org\n    - 1.novell.pool.ntp.org\n    - 2.novell.pool.ntp.org\n    - 3.novell.pool.ntp.org\n\n#packages:\n\nbootcmd:\n  - ip link set dev eth0 mtu 1400\n  # Hostnames from DHCP - otherwise localhost will be used\n  - /usr/bin/sed -ie \"s#DHCLIENT_SET_HOSTNAME=\\\"no\\\"#DHCLIENT_SET_HOSTNAME=\\\"yes\\\"#\" /etc/sysconfig/network/dhcp\n  - netconfig update -f\n\nruncmd:\n  - [ zypper, -n, update ]\n  - [ zypper, -n, install, which, wget, kernel-default, -kernel-default-base ]\n  - [ reboot ]\n\n\nfinal_message: \"The system is finally up, after $UPTIME seconds\"\n"
          },
          "private": "bnVsbA=="
        },
        {
          "index_key": 1,
          "schema_version": 0,
          "attributes": {
            "id": "/var/lib/libvirt/images/munich-agent-cloudinit-disk-1;602febf8-6024-3716-deb0-8fa962ebb10c",
            "meta_data": "",
            "name": "munich-agent-cloudinit-disk-1",
            "network_config": "",
            "pool": "default",
            "user_data": "#cloud-config\n\n# set locale\nlocale: en_US.UTF-8\n\n# set timezone\ntimezone: Etc/UTC\n\n# set root password\nchpasswd:\n  list: |\n    root:SUSE-linux\n    opensuse:SUSE-linux\n  expire: False\n\nssh_authorized_keys:\n  - ssh-rsa AAAAB3NzaC1yc2EAAAADAQABAAABgQC1PluS3uR9V5xoT69/102mJJnzaL+FzyvmU+8QXIjhn2JC+n+OaKlQ05n7faEcNS+Ebv2Q1nUYthA7jVLZv/V8PCPg65JUQj2ALw+IM4J9wuIHanTkK7yknpF5ThjAz6HSF11rEVcpm/9vzSWKXOzTM/ucKbTiyRbps1HgozNYJtqXVaVpO1moPZ24xHbsdTfTzU98cpwxMRFVj5MBRm/GvnmXB5u5QJjTJOe6DdxNE3qwJCckYjJ9rTIjJzSl9NwGtH9+3kuBz8SPxHbKplDC517M0Ag99G9bqGoHpgyETRf32a4hvDVsWMlnCEWG4+RtABCgwsIeEZqc5JiSYRQZnIV2jrN7CJ4t8sugplgyIVBtCk1MJC20/lXOPXTk49T9x2wLRuKHShZo459aT44xSOVN1MD6O1luwx846o9Q28qEyqJWnFLkrDpPG2y1iVbvte63G6HagvcZQeEFCYQf+wWWM9Q5pr+gKt+iY6NOFZKkqlB+WOmvdfZKD/iUtwU= sles@k3ai-host-1\n\nntp:\n  enabled: true\n  ntp_client: chrony\n  config:\n    confpath: /etc/chrony.conf\n  servers:\n    - 0.novell.pool.ntp.org\n    - 1.novell.pool.ntp.org\n    - 2.novell.pool.ntp.org\n    - 3.novell.pool.ntp.org\n\n#packages:\n\nbootcmd:\n  - ip link set dev eth0 mtu 1400\n  # Hostnames from DHCP - otherwise localhost will be used\n  - /usr/bin/sed -ie \"s#DHCLIENT_SET_HOSTNAME=\\\"no\\\"#DHCLIENT_SET_HOSTNAME=\\\"yes\\\"#\" /etc/sysconfig/network/dhcp\n  - netconfig update -f\n\nruncmd:\n  - [ zypper, -n, update ]\n  - [ zypper, -n, install, which, wget, kernel-default, -kernel-default-base ]\n  - [ reboot ]\n\n\nfinal_message: \"The system is finally up, after $UPTIME seconds\"\n"
          },
          "private": "bnVsbA=="
        }
      ]
    },
    {
      "mode": "managed",
      "type": "libvirt_cloudinit_disk",
      "name": "server",
      "each": "list",
      "provider": "provider.libvirt",
      "instances": [
        {
          "index_key": 0,
          "schema_version": 0,
          "attributes": {
            "id": "/var/lib/libvirt/images/munich-server-cloudinit-disk-0;602febf8-4737-5849-e47e-0602a8b9b9ac",
            "meta_data": "",
            "name": "munich-server-cloudinit-disk-0",
            "network_config": "",
            "pool": "default",
            "user_data": "#cloud-config\n\n# set locale\nlocale: en_US.UTF-8\n\n# set timezone\ntimezone: Etc/UTC\n\n# set root password\nchpasswd:\n  list: |\n    root:SUSE-linux\n    opensuse:SUSE-linux\n  expire: False\n\nssh_authorized_keys:\n  - ssh-rsa AAAAB3NzaC1yc2EAAAADAQABAAABgQC1PluS3uR9V5xoT69/102mJJnzaL+FzyvmU+8QXIjhn2JC+n+OaKlQ05n7faEcNS+Ebv2Q1nUYthA7jVLZv/V8PCPg65JUQj2ALw+IM4J9wuIHanTkK7yknpF5ThjAz6HSF11rEVcpm/9vzSWKXOzTM/ucKbTiyRbps1HgozNYJtqXVaVpO1moPZ24xHbsdTfTzU98cpwxMRFVj5MBRm/GvnmXB5u5QJjTJOe6DdxNE3qwJCckYjJ9rTIjJzSl9NwGtH9+3kuBz8SPxHbKplDC517M0Ag99G9bqGoHpgyETRf32a4hvDVsWMlnCEWG4+RtABCgwsIeEZqc5JiSYRQZnIV2jrN7CJ4t8sugplgyIVBtCk1MJC20/lXOPXTk49T9x2wLRuKHShZo459aT44xSOVN1MD6O1luwx846o9Q28qEyqJWnFLkrDpPG2y1iVbvte63G6HagvcZQeEFCYQf+wWWM9Q5pr+gKt+iY6NOFZKkqlB+WOmvdfZKD/iUtwU= sles@k3ai-host-1\n\nntp:\n  enabled: true\n  ntp_client: chrony\n  config:\n    confpath: /etc/chrony.conf\n  servers:\n    - 0.novell.pool.ntp.org\n    - 1.novell.pool.ntp.org\n    - 2.novell.pool.ntp.org\n    - 3.novell.pool.ntp.org\n\n#packages:\n\nbootcmd:\n  - ip link set dev eth0 mtu 1400\n  # Hostnames from DHCP - otherwise localhost will be used\n  - /usr/bin/sed -ie \"s#DHCLIENT_SET_HOSTNAME=\\\"no\\\"#DHCLIENT_SET_HOSTNAME=\\\"yes\\\"#\" /etc/sysconfig/network/dhcp\n  - netconfig update -f\n\nruncmd:\n  - [ zypper, -n, update ]\n  - [ zypper, -n, install, which, wget, kernel-default, -kernel-default-base ]\n  - [ reboot ]\n\n\nfinal_message: \"The system is finally up, after $UPTIME seconds\"\n"
          },
          "private": "bnVsbA=="
        }
      ]
    },
    {
      "mode": "managed",
      "type": "libvirt_domain",
      "name": "agent",
      "each": "list",
      "provider": "provider.libvirt",
      "instances": [
        {
          "index_key": 0,
          "schema_version": 0,
          "attributes": {
            "arch": "x86_64",
            "autostart": false,
            "boot_device": [],
            "cloudinit": "/var/lib/libvirt/images/munich-agent-cloudinit-disk-0;602febf8-fffe-1088-d6af-cfb729c819cc",
            "cmdline": null,
            "console": [],
            "coreos_ignition": null,
            "cpu": {
              "mode": "host-passthrough"
            },
            "description": "",
            "disk": [
              {
                "block_device": "",
                "file": "",
                "scsi": false,
                "url": "",
                "volume_id": "/var/lib/libvirt/images/munich-agent-volume-0",
                "wwn": ""
              }
            ],
            "emulator": "/usr/bin/qemu-system-x86_64",
            "filesystem": [],
            "firmware": "",
            "fw_cfg_name": "opt/com.coreos/config",
            "graphics": [
              {
                "autoport": true,
                "listen_address": "127.0.0.1",
                "listen_type": "address",
                "type": "vnc"
              }
            ],
            "id": "41751dfc-9f40-455b-8fc9-9ec175ae72b1",
            "initrd": "",
            "kernel": "",
            "machine": "pc",
            "memory": 4096,
            "metadata": null,
            "name": "munich-agent-0",
            "network_interface": [
              {
                "addresses": [
                  "10.111.3.14"
                ],
                "bridge": "",
                "hostname": "munich-agent-0",
                "mac": "52:54:00:32:D4:39",
                "macvtap": "",
                "network_id": "a9f705f1-86bc-4f82-ae1f-7515f6d9d765",
                "network_name": "munich-network",
                "passthrough": "",
                "vepa": "",
                "wait_for_lease": true
              }
            ],
            "nvram": [],
            "qemu_agent": false,
            "running": true,
            "timeouts": null,
            "vcpu": 4,
            "video": [],
            "xml": []
          },
          "private": "eyJlMmJmYjczMC1lY2FhLTExZTYtOGY4OC0zNDM2M2JjN2M0YzAiOnsiY3JlYXRlIjozMDAwMDAwMDAwMDB9fQ==",
          "dependencies": [
            "libvirt_cloudinit_disk.agent",
            "libvirt_network.network",
            "libvirt_volume.agent",
            "libvirt_volume.img"
          ]
        },
        {
          "index_key": 1,
          "schema_version": 0,
          "attributes": {
            "arch": "x86_64",
            "autostart": false,
            "boot_device": [],
            "cloudinit": "/var/lib/libvirt/images/munich-agent-cloudinit-disk-1;602febf8-6024-3716-deb0-8fa962ebb10c",
            "cmdline": null,
            "console": [],
            "coreos_ignition": null,
            "cpu": {
              "mode": "host-passthrough"
            },
            "description": "",
            "disk": [
              {
                "block_device": "",
                "file": "",
                "scsi": false,
                "url": "",
                "volume_id": "/var/lib/libvirt/images/munich-agent-volume-1",
                "wwn": ""
              }
            ],
            "emulator": "/usr/bin/qemu-system-x86_64",
            "filesystem": [],
            "firmware": "",
            "fw_cfg_name": "opt/com.coreos/config",
            "graphics": [
              {
                "autoport": true,
                "listen_address": "127.0.0.1",
                "listen_type": "address",
                "type": "vnc"
              }
            ],
            "id": "9e107e19-1537-42d9-a942-a3c06e29b710",
            "initrd": "",
            "kernel": "",
            "machine": "pc",
            "memory": 4096,
            "metadata": null,
            "name": "munich-agent-1",
            "network_interface": [
              {
                "addresses": [
                  "10.111.3.15"
                ],
                "bridge": "",
                "hostname": "munich-agent-1",
                "mac": "52:54:00:A2:B0:D6",
                "macvtap": "",
                "network_id": "a9f705f1-86bc-4f82-ae1f-7515f6d9d765",
                "network_name": "munich-network",
                "passthrough": "",
                "vepa": "",
                "wait_for_lease": true
              }
            ],
            "nvram": [],
            "qemu_agent": false,
            "running": true,
            "timeouts": null,
            "vcpu": 4,
            "video": [],
            "xml": []
          },
          "private": "eyJlMmJmYjczMC1lY2FhLTExZTYtOGY4OC0zNDM2M2JjN2M0YzAiOnsiY3JlYXRlIjozMDAwMDAwMDAwMDB9fQ==",
          "dependencies": [
            "libvirt_cloudinit_disk.agent",
            "libvirt_network.network",
            "libvirt_volume.agent",
            "libvirt_volume.img"
          ]
        }
      ]
    },
    {
      "mode": "managed",
      "type": "libvirt_domain",
      "name": "server",
      "each": "list",
      "provider": "provider.libvirt",
      "instances": [
        {
          "index_key": 0,
          "schema_version": 0,
          "attributes": {
            "arch": "x86_64",
            "autostart": false,
            "boot_device": [],
            "cloudinit": "/var/lib/libvirt/images/munich-server-cloudinit-disk-0;602febf8-4737-5849-e47e-0602a8b9b9ac",
            "cmdline": null,
            "console": [],
            "coreos_ignition": null,
            "cpu": {
              "mode": "host-passthrough"
            },
            "description": "",
            "disk": [
              {
                "block_device": "",
                "file": "",
                "scsi": false,
                "url": "",
                "volume_id": "/var/lib/libvirt/images/munich-server-volume-0",
                "wwn": ""
              }
            ],
            "emulator": "/usr/bin/qemu-system-x86_64",
            "filesystem": [],
            "firmware": "",
            "fw_cfg_name": "opt/com.coreos/config",
            "graphics": [
              {
                "autoport": true,
                "listen_address": "127.0.0.1",
                "listen_type": "address",
                "type": "vnc"
              }
            ],
            "id": "a157f5c6-54fa-4e55-8bb5-002ebb3fdfcf",
            "initrd": "",
            "kernel": "",
            "machine": "pc",
            "memory": 2048,
            "metadata": null,
            "name": "munich-server-0",
            "network_interface": [
              {
                "addresses": [
                  "10.111.3.11"
                ],
                "bridge": "",
                "hostname": "munich-server-0",
                "mac": "52:54:00:9E:7F:15",
                "macvtap": "",
                "network_id": "a9f705f1-86bc-4f82-ae1f-7515f6d9d765",
                "network_name": "munich-network",
                "passthrough": "",
                "vepa": "",
                "wait_for_lease": true
              }
            ],
            "nvram": [],
            "qemu_agent": false,
            "running": true,
            "timeouts": null,
            "vcpu": 2,
            "video": [],
            "xml": []
          },
          "private": "eyJlMmJmYjczMC1lY2FhLTExZTYtOGY4OC0zNDM2M2JjN2M0YzAiOnsiY3JlYXRlIjozMDAwMDAwMDAwMDB9fQ==",
          "dependencies": [
            "libvirt_cloudinit_disk.server",
            "libvirt_network.network",
            "libvirt_volume.img",
            "libvirt_volume.server"
          ]
        }
      ]
    },
    {
      "mode": "managed",
      "type": "libvirt_network",
      "name": "network",
      "provider": "provider.libvirt",
      "instances": [
        {
          "schema_version": 0,
          "attributes": {
            "addresses": [
              "10.111.3.0/24"
            ],
            "autostart": false,
            "bridge": "virbr3",
            "dhcp": [],
            "dns": [
              {
                "enabled": true,
                "forwarders": [],
                "hosts": [],
                "local_only": false,
                "srvs": []
              }
            ],
            "domain": "sandbox.local",
            "id": "a9f705f1-86bc-4f82-ae1f-7515f6d9d765",
            "mode": "nat",
            "mtu": null,
            "name": "munich-network",
            "routes": [],
            "xml": []
          },
          "private": "bnVsbA=="
        }
      ]
    },
    {
      "mode": "managed",
      "type": "libvirt_volume",
      "name": "agent",
      "each": "list",
      "provider": "provider.libvirt",
      "instances": [
        {
          "index_key": 0,
          "schema_version": 0,
          "attributes": {
            "base_volume_id": "/var/lib/libvirt/images/munich-openSUSE-Leap-15.2-JeOS.x86_64-15.2-OpenStack-Cloud-Build31.348.qcow2",
            "base_volume_name": null,
            "base_volume_pool": null,
            "format": "qcow2",
            "id": "/var/lib/libvirt/images/munich-agent-volume-0",
            "name": "munich-agent-volume-0",
            "pool": "default",
            "size": 25769803776,
            "source": null,
            "xml": []
          },
          "private": "bnVsbA==",
          "dependencies": [
            "libvirt_volume.img"
          ]
        },
        {
          "index_key": 1,
          "schema_version": 0,
          "attributes": {
            "base_volume_id": "/var/lib/libvirt/images/munich-openSUSE-Leap-15.2-JeOS.x86_64-15.2-OpenStack-Cloud-Build31.348.qcow2",
            "base_volume_name": null,
            "base_volume_pool": null,
            "format": "qcow2",
            "id": "/var/lib/libvirt/images/munich-agent-volume-1",
            "name": "munich-agent-volume-1",
            "pool": "default",
            "size": 25769803776,
            "source": null,
            "xml": []
          },
          "private": "bnVsbA==",
          "dependencies": [
            "libvirt_volume.img"
          ]
        }
      ]
    },
    {
      "mode": "managed",
      "type": "libvirt_volume",
      "name": "img",
      "provider": "provider.libvirt",
      "instances": [
        {
          "schema_version": 0,
          "attributes": {
            "base_volume_id": null,
            "base_volume_name": null,
            "base_volume_pool": null,
            "format": "qcow2",
            "id": "/var/lib/libvirt/images/munich-openSUSE-Leap-15.2-JeOS.x86_64-15.2-OpenStack-Cloud-Build31.348.qcow2",
            "name": "munich-openSUSE-Leap-15.2-JeOS.x86_64-15.2-OpenStack-Cloud-Build31.348.qcow2",
            "pool": "default",
            "size": 1073741824,
            "source": "images/openSUSE-Leap-15.2-JeOS.x86_64-15.2-OpenStack-Cloud-Build31.348.qcow2",
            "xml": []
          },
          "private": "bnVsbA=="
        }
      ]
    },
    {
      "mode": "managed",
      "type": "libvirt_volume",
      "name": "server",
      "each": "list",
      "provider": "provider.libvirt",
      "instances": [
        {
          "index_key": 0,
          "schema_version": 0,
          "attributes": {
            "base_volume_id": "/var/lib/libvirt/images/munich-openSUSE-Leap-15.2-JeOS.x86_64-15.2-OpenStack-Cloud-Build31.348.qcow2",
            "base_volume_name": null,
            "base_volume_pool": null,
            "format": "qcow2",
            "id": "/var/lib/libvirt/images/munich-server-volume-0",
            "name": "munich-server-volume-0",
            "pool": "default",
            "size": 25769803776,
            "source": null,
            "xml": []
          },
          "private": "bnVsbA==",
          "dependencies": [
            "libvirt_volume.img"
          ]
        }
      ]
    },
    {
      "mode": "managed",
      "type": "rancher2_cluster",
      "name": "k3s-cluster-instance",
      "provider": "provider.rancher2",
      "instances": [
        {
          "schema_version": 1,
          "attributes": {
            "aks_config": [],
            "annotations": {
              "authz.management.cattle.io/creator-role-bindings": "{\"created\":[\"cluster-owner\"],\"required\":[\"cluster-owner\"]}",
              "lifecycle.cattle.io/create.cluster-agent-controller-cleanup": "true",
              "lifecycle.cattle.io/create.cluster-scoped-gc": "true",
              "lifecycle.cattle.io/create.mgmt-cluster-rbac-remove": "true"
            },
            "ca_cert": null,
            "cluster_auth_endpoint": [
              {
                "ca_certs": "",
                "enabled": false,
                "fqdn": ""
              }
            ],
            "cluster_monitoring_input": [],
            "cluster_registration_token": [
              {
                "annotations": {},
                "cluster_id": "c-kf5k6",
                "command": "kubectl apply -f https://rancher.susealliances.com/v3/import/ngcgkw7hdwqfwt2xlkn5c4lnd5fxcxk5t25n8654lpxwbqdjhs6dfh.yaml",
                "id": "c-kf5k6:system",
                "insecure_command": "curl --insecure -sfL https://rancher.susealliances.com/v3/import/ngcgkw7hdwqfwt2xlkn5c4lnd5fxcxk5t25n8654lpxwbqdjhs6dfh.yaml | kubectl apply -f -",
                "labels": {
                  "cattle.io/creator": "norman"
                },
                "manifest_url": "https://rancher.susealliances.com/v3/import/ngcgkw7hdwqfwt2xlkn5c4lnd5fxcxk5t25n8654lpxwbqdjhs6dfh.yaml",
                "name": "system",
                "node_command": "sudo docker run -d --privileged --restart=unless-stopped --net=host -v /etc/kubernetes:/etc/kubernetes -v /var/run:/var/run rancher/rancher-agent:v2.5.3 --server https://rancher.susealliances.com --token ngcgkw7hdwqfwt2xlkn5c4lnd5fxcxk5t25n8654lpxwbqdjhs6dfh",
                "token": "ngcgkw7hdwqfwt2xlkn5c4lnd5fxcxk5t25n8654lpxwbqdjhs6dfh",
                "windows_node_command": "PowerShell -NoLogo -NonInteractive -Command \"\u0026 {docker run -v c:\\:c:\\host rancher/rancher-agent:v2.5.3 bootstrap --server https://rancher.susealliances.com --token ngcgkw7hdwqfwt2xlkn5c4lnd5fxcxk5t25n8654lpxwbqdjhs6dfh | iex}\""
              }
            ],
            "cluster_template_answers": null,
            "cluster_template_id": null,
            "cluster_template_questions": null,
            "cluster_template_revision_id": null,
            "default_pod_security_policy_template_id": null,
            "default_project_id": "c-kf5k6:p-x4g8k",
            "description": "K3s imported cluster",
            "desired_agent_image": null,
            "desired_auth_image": null,
            "docker_root_dir": "/var/lib/docker",
            "driver": "",
            "eks_config": [],
            "eks_config_v2": [],
            "enable_cluster_alerting": false,
            "enable_cluster_istio": null,
            "enable_cluster_monitoring": false,
            "enable_network_policy": false,
            "gke_config": [],
            "id": "c-kf5k6",
            "istio_enabled": false,
            "k3s_config": [],
            "kube_config": "apiVersion: v1\nkind: Config\nclusters:\n- name: \"k3ai-munich\"\n  cluster:\n    server: \"https://rancher.susealliances.com/k8s/clusters/c-kf5k6\"\n\nusers:\n- name: \"k3ai-munich\"\n  user:\n    token: \"kubeconfig-u-z52kh:zwnwjkgkdp7b6xvggt6r8ddc5jdr7s9kkg5gx292j4j57h8n6wcwkx\"\n\n\ncontexts:\n- name: \"k3ai-munich\"\n  context:\n    user: \"k3ai-munich\"\n    cluster: \"k3ai-munich\"\n\ncurrent-context: \"k3ai-munich\"\n",
            "labels": {
              "cattle.io/creator": "norman",
              "fleet.cattle.io/cluster-name": "c-kf5k6"
            },
            "name": "k3ai-munich",
            "oke_config": [],
            "rke_config": [],
            "scheduled_cluster_scan": null,
            "system_project_id": "c-kf5k6:p-dm8wh",
            "timeouts": null,
            "windows_prefered_cluster": false
          },
          "private": "eyJlMmJmYjczMC1lY2FhLTExZTYtOGY4OC0zNDM2M2JjN2M0YzAiOnsiY3JlYXRlIjoxODAwMDAwMDAwMDAwLCJkZWxldGUiOjE4MDAwMDAwMDAwMDAsInVwZGF0ZSI6MTgwMDAwMDAwMDAwMH0sInNjaGVtYV92ZXJzaW9uIjoiMSJ9"
        }
      ]
    }
  ]
}
