{
  "version": 4,
  "terraform_version": "0.12.25",
  "serial": 215,
  "lineage": "eb8e534e-f088-30ec-5803-ed37690db6be",
  "outputs": {
    "cluster_registration_token": {
      "value": {
        "annotations": {},
        "cluster_id": "c-s97t6",
        "command": "kubectl apply -f https://rancher.susealliances.com/v3/import/95fmbt7jccbdwqdhfxwdhrvpvffpfp662gdpxnzggz629sh62psjr2.yaml",
        "id": "c-s97t6:system",
        "insecure_command": "curl --insecure -sfL https://rancher.susealliances.com/v3/import/95fmbt7jccbdwqdhfxwdhrvpvffpfp662gdpxnzggz629sh62psjr2.yaml | kubectl apply -f -",
        "labels": {
          "cattle.io/creator": "norman"
        },
        "manifest_url": "https://rancher.susealliances.com/v3/import/95fmbt7jccbdwqdhfxwdhrvpvffpfp662gdpxnzggz629sh62psjr2.yaml",
        "name": "system",
        "node_command": "sudo docker run -d --privileged --restart=unless-stopped --net=host -v /etc/kubernetes:/etc/kubernetes -v /var/run:/var/run rancher/rancher-agent:v2.5.3 --server https://rancher.susealliances.com --token 95fmbt7jccbdwqdhfxwdhrvpvffpfp662gdpxnzggz629sh62psjr2",
        "token": "95fmbt7jccbdwqdhfxwdhrvpvffpfp662gdpxnzggz629sh62psjr2",
        "windows_node_command": "PowerShell -NoLogo -NonInteractive -Command \"\u0026 {docker run -v c:\\:c:\\host rancher/rancher-agent:v2.5.3 bootstrap --server https://rancher.susealliances.com --token 95fmbt7jccbdwqdhfxwdhrvpvffpfp662gdpxnzggz629sh62psjr2 | iex}\""
      },
      "type": [
        "object",
        {
          "annotations": [
            "map",
            "string"
          ],
          "cluster_id": "string",
          "command": "string",
          "id": "string",
          "insecure_command": "string",
          "labels": [
            "map",
            "string"
          ],
          "manifest_url": "string",
          "name": "string",
          "node_command": "string",
          "token": "string",
          "windows_node_command": "string"
        }
      ],
      "sensitive": true
    },
    "ip_agents": {
      "value": {
        "cancun-agent-0": "10.111.5.14",
        "cancun-agent-1": "10.111.5.15"
      },
      "type": [
        "object",
        {
          "cancun-agent-0": "string",
          "cancun-agent-1": "string"
        }
      ]
    },
    "ip_servers": {
      "value": {
        "cancun-server-0": "10.111.5.11"
      },
      "type": [
        "object",
        {
          "cancun-server-0": "string"
        }
      ]
    }
  },
  "resources": [
    {
      "mode": "data",
      "type": "rancher2_cluster",
      "name": "k3s-cluster",
      "provider": "provider.rancher2",
      "instances": [
        {
          "schema_version": 0,
          "attributes": {
            "aks_config": null,
            "annotations": {
              "authz.management.cattle.io/creator-role-bindings": "{\"created\":[\"cluster-owner\"],\"required\":[\"cluster-owner\"]}",
              "lifecycle.cattle.io/create.cluster-agent-controller-cleanup": "true",
              "lifecycle.cattle.io/create.cluster-scoped-gc": "true",
              "lifecycle.cattle.io/create.mgmt-cluster-rbac-remove": "true"
            },
            "cluster_auth_endpoint": [
              {
                "ca_certs": "",
                "enabled": false,
                "fqdn": ""
              }
            ],
            "cluster_monitoring_input": [],
            "cluster_registration_token": [
              {
                "annotations": {},
                "cluster_id": "c-s97t6",
                "command": "kubectl apply -f https://rancher.susealliances.com/v3/import/95fmbt7jccbdwqdhfxwdhrvpvffpfp662gdpxnzggz629sh62psjr2.yaml",
                "id": "c-s97t6:system",
                "insecure_command": "curl --insecure -sfL https://rancher.susealliances.com/v3/import/95fmbt7jccbdwqdhfxwdhrvpvffpfp662gdpxnzggz629sh62psjr2.yaml | kubectl apply -f -",
                "labels": {
                  "cattle.io/creator": "norman"
                },
                "manifest_url": "https://rancher.susealliances.com/v3/import/95fmbt7jccbdwqdhfxwdhrvpvffpfp662gdpxnzggz629sh62psjr2.yaml",
                "name": "system",
                "node_command": "sudo docker run -d --privileged --restart=unless-stopped --net=host -v /etc/kubernetes:/etc/kubernetes -v /var/run:/var/run rancher/rancher-agent:v2.5.3 --server https://rancher.susealliances.com --token 95fmbt7jccbdwqdhfxwdhrvpvffpfp662gdpxnzggz629sh62psjr2",
                "token": "95fmbt7jccbdwqdhfxwdhrvpvffpfp662gdpxnzggz629sh62psjr2",
                "windows_node_command": "PowerShell -NoLogo -NonInteractive -Command \"\u0026 {docker run -v c:\\:c:\\host rancher/rancher-agent:v2.5.3 bootstrap --server https://rancher.susealliances.com --token 95fmbt7jccbdwqdhfxwdhrvpvffpfp662gdpxnzggz629sh62psjr2 | iex}\""
              }
            ],
            "cluster_template_answers": null,
            "cluster_template_id": null,
            "cluster_template_questions": null,
            "cluster_template_revision_id": null,
            "default_pod_security_policy_template_id": null,
            "default_project_id": "c-s97t6:p-6kg4k",
            "description": "K3s imported cluster",
            "driver": "",
            "eks_config": null,
            "eks_config_v2": null,
            "enable_cluster_alerting": false,
            "enable_cluster_monitoring": false,
            "enable_network_policy": false,
            "gke_config": null,
            "id": "c-s97t6",
            "k3s_config": [],
            "kube_config": "apiVersion: v1\nkind: Config\nclusters:\n- name: \"k3ai-cancun\"\n  cluster:\n    server: \"https://rancher.susealliances.com/k8s/clusters/c-s97t6\"\n\nusers:\n- name: \"k3ai-cancun\"\n  user:\n    token: \"kubeconfig-u-z52kh:zwnwjkgkdp7b6xvggt6r8ddc5jdr7s9kkg5gx292j4j57h8n6wcwkx\"\n\n\ncontexts:\n- name: \"k3ai-cancun\"\n  context:\n    user: \"k3ai-cancun\"\n    cluster: \"k3ai-cancun\"\n\ncurrent-context: \"k3ai-cancun\"\n",
            "labels": {
              "cattle.io/creator": "norman",
              "fleet.cattle.io/cluster-name": "c-s97t6"
            },
            "name": "k3ai-cancun",
            "oke_config": null,
            "rke_config": [],
            "scheduled_cluster_scan": null,
            "system_project_id": "c-s97t6:p-p4ghx"
          }
        }
      ]
    },
    {
      "mode": "data",
      "type": "template_file",
      "name": "agent-cloud-init",
      "provider": "provider.template",
      "instances": [
        {
          "schema_version": 0,
          "attributes": {
            "filename": null,
            "id": "3539248d0502b99ebdcd90142546d173d990cba4d78dd1a5d6788f9fc8dbb7b8",
            "rendered": "#cloud-config\n\n# set locale\nlocale: en_US.UTF-8\n\n# set timezone\ntimezone: Etc/UTC\n\n# set root password\nchpasswd:\n  list: |\n    root:SUSE-linux\n    opensuse:SUSE-linux\n  expire: False\n\nssh_authorized_keys:\n  - ssh-rsa AAAAB3NzaC1yc2EAAAADAQABAAABgQC1PluS3uR9V5xoT69/102mJJnzaL+FzyvmU+8QXIjhn2JC+n+OaKlQ05n7faEcNS+Ebv2Q1nUYthA7jVLZv/V8PCPg65JUQj2ALw+IM4J9wuIHanTkK7yknpF5ThjAz6HSF11rEVcpm/9vzSWKXOzTM/ucKbTiyRbps1HgozNYJtqXVaVpO1moPZ24xHbsdTfTzU98cpwxMRFVj5MBRm/GvnmXB5u5QJjTJOe6DdxNE3qwJCckYjJ9rTIjJzSl9NwGtH9+3kuBz8SPxHbKplDC517M0Ag99G9bqGoHpgyETRf32a4hvDVsWMlnCEWG4+RtABCgwsIeEZqc5JiSYRQZnIV2jrN7CJ4t8sugplgyIVBtCk1MJC20/lXOPXTk49T9x2wLRuKHShZo459aT44xSOVN1MD6O1luwx846o9Q28qEyqJWnFLkrDpPG2y1iVbvte63G6HagvcZQeEFCYQf+wWWM9Q5pr+gKt+iY6NOFZKkqlB+WOmvdfZKD/iUtwU= sles@k3ai-host-1\n\nntp:\n  enabled: true\n  ntp_client: chrony\n  config:\n    confpath: /etc/chrony.conf\n  servers:\n    - 0.novell.pool.ntp.org\n    - 1.novell.pool.ntp.org\n    - 2.novell.pool.ntp.org\n    - 3.novell.pool.ntp.org\n\n#packages:\n\nbootcmd:\n  - ip link set dev eth0 mtu 1400\n  # Hostnames from DHCP - otherwise localhost will be used\n  - /usr/bin/sed -ie \"s#DHCLIENT_SET_HOSTNAME=\\\"no\\\"#DHCLIENT_SET_HOSTNAME=\\\"yes\\\"#\" /etc/sysconfig/network/dhcp\n  - netconfig update -f\n\nruncmd:\n  - [ zypper, -n, update ]\n  - [ zypper, -n, install, wget, kernel-default, -kernel-default-base, which ]\n  - [ reboot ]\n\n\nfinal_message: \"The system is finally up, after $UPTIME seconds\"\n",
            "template": "#cloud-config\n\n# set locale\nlocale: en_US.UTF-8\n\n# set timezone\ntimezone: Etc/UTC\n\n# set root password\nchpasswd:\n  list: |\n    root:SUSE-linux\n    ${username}:${password}\n  expire: False\n\nssh_authorized_keys:\n${authorized_keys}\n\nntp:\n  enabled: true\n  ntp_client: chrony\n  config:\n    confpath: /etc/chrony.conf\n  servers:\n${ntp_servers}\n\n#packages:\n\nbootcmd:\n  - ip link set dev eth0 mtu 1400\n  # Hostnames from DHCP - otherwise localhost will be used\n  - /usr/bin/sed -ie \"s#DHCLIENT_SET_HOSTNAME=\\\"no\\\"#DHCLIENT_SET_HOSTNAME=\\\"yes\\\"#\" /etc/sysconfig/network/dhcp\n  - netconfig update -f\n\nruncmd:\n${commands}\n\nfinal_message: \"The system is finally up, after $UPTIME seconds\"\n",
            "vars": {
              "authorized_keys": "  - ssh-rsa AAAAB3NzaC1yc2EAAAADAQABAAABgQC1PluS3uR9V5xoT69/102mJJnzaL+FzyvmU+8QXIjhn2JC+n+OaKlQ05n7faEcNS+Ebv2Q1nUYthA7jVLZv/V8PCPg65JUQj2ALw+IM4J9wuIHanTkK7yknpF5ThjAz6HSF11rEVcpm/9vzSWKXOzTM/ucKbTiyRbps1HgozNYJtqXVaVpO1moPZ24xHbsdTfTzU98cpwxMRFVj5MBRm/GvnmXB5u5QJjTJOe6DdxNE3qwJCckYjJ9rTIjJzSl9NwGtH9+3kuBz8SPxHbKplDC517M0Ag99G9bqGoHpgyETRf32a4hvDVsWMlnCEWG4+RtABCgwsIeEZqc5JiSYRQZnIV2jrN7CJ4t8sugplgyIVBtCk1MJC20/lXOPXTk49T9x2wLRuKHShZo459aT44xSOVN1MD6O1luwx846o9Q28qEyqJWnFLkrDpPG2y1iVbvte63G6HagvcZQeEFCYQf+wWWM9Q5pr+gKt+iY6NOFZKkqlB+WOmvdfZKD/iUtwU= sles@k3ai-host-1",
              "commands": "  - [ zypper, -n, update ]\n  - [ zypper, -n, install, wget, kernel-default, -kernel-default-base, which ]\n  - [ reboot ]\n",
              "ntp_servers": "    - 0.novell.pool.ntp.org\n    - 1.novell.pool.ntp.org\n    - 2.novell.pool.ntp.org\n    - 3.novell.pool.ntp.org",
              "password": "SUSE-linux",
              "username": "opensuse"
            }
          }
        }
      ]
    },
    {
      "mode": "data",
      "type": "template_file",
      "name": "agent_commands",
      "each": "list",
      "provider": "provider.template",
      "instances": [
        {
          "index_key": 0,
          "schema_version": 0,
          "attributes": {
            "filename": null,
            "id": "705ab6dc14f4e51b12681da1fefcb6aab1ec7226c43e43c4f26c02b4d7b353a6",
            "rendered": "  - [ zypper, -n, update ]\n  - [ zypper, -n, install, wget, kernel-default, -kernel-default-base, which ]\n  - [ reboot ]\n",
            "template": "  - [ zypper, -n, update ]\n  - [ zypper, -n, install, ${packages} ]\n  - [ reboot ]\n",
            "vars": {
              "packages": "wget, kernel-default, -kernel-default-base, which"
            }
          }
        }
      ]
    },
    {
      "mode": "data",
      "type": "template_file",
      "name": "server-cloud-init",
      "provider": "provider.template",
      "instances": [
        {
          "schema_version": 0,
          "attributes": {
            "filename": null,
            "id": "3539248d0502b99ebdcd90142546d173d990cba4d78dd1a5d6788f9fc8dbb7b8",
            "rendered": "#cloud-config\n\n# set locale\nlocale: en_US.UTF-8\n\n# set timezone\ntimezone: Etc/UTC\n\n# set root password\nchpasswd:\n  list: |\n    root:SUSE-linux\n    opensuse:SUSE-linux\n  expire: False\n\nssh_authorized_keys:\n  - ssh-rsa AAAAB3NzaC1yc2EAAAADAQABAAABgQC1PluS3uR9V5xoT69/102mJJnzaL+FzyvmU+8QXIjhn2JC+n+OaKlQ05n7faEcNS+Ebv2Q1nUYthA7jVLZv/V8PCPg65JUQj2ALw+IM4J9wuIHanTkK7yknpF5ThjAz6HSF11rEVcpm/9vzSWKXOzTM/ucKbTiyRbps1HgozNYJtqXVaVpO1moPZ24xHbsdTfTzU98cpwxMRFVj5MBRm/GvnmXB5u5QJjTJOe6DdxNE3qwJCckYjJ9rTIjJzSl9NwGtH9+3kuBz8SPxHbKplDC517M0Ag99G9bqGoHpgyETRf32a4hvDVsWMlnCEWG4+RtABCgwsIeEZqc5JiSYRQZnIV2jrN7CJ4t8sugplgyIVBtCk1MJC20/lXOPXTk49T9x2wLRuKHShZo459aT44xSOVN1MD6O1luwx846o9Q28qEyqJWnFLkrDpPG2y1iVbvte63G6HagvcZQeEFCYQf+wWWM9Q5pr+gKt+iY6NOFZKkqlB+WOmvdfZKD/iUtwU= sles@k3ai-host-1\n\nntp:\n  enabled: true\n  ntp_client: chrony\n  config:\n    confpath: /etc/chrony.conf\n  servers:\n    - 0.novell.pool.ntp.org\n    - 1.novell.pool.ntp.org\n    - 2.novell.pool.ntp.org\n    - 3.novell.pool.ntp.org\n\n#packages:\n\nbootcmd:\n  - ip link set dev eth0 mtu 1400\n  # Hostnames from DHCP - otherwise localhost will be used\n  - /usr/bin/sed -ie \"s#DHCLIENT_SET_HOSTNAME=\\\"no\\\"#DHCLIENT_SET_HOSTNAME=\\\"yes\\\"#\" /etc/sysconfig/network/dhcp\n  - netconfig update -f\n\nruncmd:\n  - [ zypper, -n, update ]\n  - [ zypper, -n, install, wget, kernel-default, -kernel-default-base, which ]\n  - [ reboot ]\n\n\nfinal_message: \"The system is finally up, after $UPTIME seconds\"\n",
            "template": "#cloud-config\n\n# set locale\nlocale: en_US.UTF-8\n\n# set timezone\ntimezone: Etc/UTC\n\n# set root password\nchpasswd:\n  list: |\n    root:SUSE-linux\n    ${username}:${password}\n  expire: False\n\nssh_authorized_keys:\n${authorized_keys}\n\nntp:\n  enabled: true\n  ntp_client: chrony\n  config:\n    confpath: /etc/chrony.conf\n  servers:\n${ntp_servers}\n\n#packages:\n\nbootcmd:\n  - ip link set dev eth0 mtu 1400\n  # Hostnames from DHCP - otherwise localhost will be used\n  - /usr/bin/sed -ie \"s#DHCLIENT_SET_HOSTNAME=\\\"no\\\"#DHCLIENT_SET_HOSTNAME=\\\"yes\\\"#\" /etc/sysconfig/network/dhcp\n  - netconfig update -f\n\nruncmd:\n${commands}\n\nfinal_message: \"The system is finally up, after $UPTIME seconds\"\n",
            "vars": {
              "authorized_keys": "  - ssh-rsa AAAAB3NzaC1yc2EAAAADAQABAAABgQC1PluS3uR9V5xoT69/102mJJnzaL+FzyvmU+8QXIjhn2JC+n+OaKlQ05n7faEcNS+Ebv2Q1nUYthA7jVLZv/V8PCPg65JUQj2ALw+IM4J9wuIHanTkK7yknpF5ThjAz6HSF11rEVcpm/9vzSWKXOzTM/ucKbTiyRbps1HgozNYJtqXVaVpO1moPZ24xHbsdTfTzU98cpwxMRFVj5MBRm/GvnmXB5u5QJjTJOe6DdxNE3qwJCckYjJ9rTIjJzSl9NwGtH9+3kuBz8SPxHbKplDC517M0Ag99G9bqGoHpgyETRf32a4hvDVsWMlnCEWG4+RtABCgwsIeEZqc5JiSYRQZnIV2jrN7CJ4t8sugplgyIVBtCk1MJC20/lXOPXTk49T9x2wLRuKHShZo459aT44xSOVN1MD6O1luwx846o9Q28qEyqJWnFLkrDpPG2y1iVbvte63G6HagvcZQeEFCYQf+wWWM9Q5pr+gKt+iY6NOFZKkqlB+WOmvdfZKD/iUtwU= sles@k3ai-host-1",
              "commands": "  - [ zypper, -n, update ]\n  - [ zypper, -n, install, wget, kernel-default, -kernel-default-base, which ]\n  - [ reboot ]\n",
              "ntp_servers": "    - 0.novell.pool.ntp.org\n    - 1.novell.pool.ntp.org\n    - 2.novell.pool.ntp.org\n    - 3.novell.pool.ntp.org",
              "password": "SUSE-linux",
              "username": "opensuse"
            }
          }
        }
      ]
    },
    {
      "mode": "data",
      "type": "template_file",
      "name": "server_commands",
      "each": "list",
      "provider": "provider.template",
      "instances": [
        {
          "index_key": 0,
          "schema_version": 0,
          "attributes": {
            "filename": null,
            "id": "705ab6dc14f4e51b12681da1fefcb6aab1ec7226c43e43c4f26c02b4d7b353a6",
            "rendered": "  - [ zypper, -n, update ]\n  - [ zypper, -n, install, wget, kernel-default, -kernel-default-base, which ]\n  - [ reboot ]\n",
            "template": "  - [ zypper, -n, update ]\n  - [ zypper, -n, install, ${packages} ]\n  - [ reboot ]\n",
            "vars": {
              "packages": "wget, kernel-default, -kernel-default-base, which"
            }
          }
        }
      ]
    },
    {
      "mode": "managed",
      "type": "libvirt_cloudinit_disk",
      "name": "agent",
      "each": "list",
      "provider": "provider.libvirt",
      "instances": [
        {
          "index_key": 0,
          "schema_version": 0,
          "attributes": {
            "id": "/var/lib/libvirt/images/cancun-agent-cloudinit-disk-0;603405b4-cf86-60e5-8c04-4df9938a25b6",
            "meta_data": "",
            "name": "cancun-agent-cloudinit-disk-0",
            "network_config": "",
            "pool": "default",
            "user_data": "#cloud-config\n\n# set locale\nlocale: en_US.UTF-8\n\n# set timezone\ntimezone: Etc/UTC\n\n# set root password\nchpasswd:\n  list: |\n    root:SUSE-linux\n    opensuse:SUSE-linux\n  expire: False\n\nssh_authorized_keys:\n  - ssh-rsa AAAAB3NzaC1yc2EAAAADAQABAAABgQC1PluS3uR9V5xoT69/102mJJnzaL+FzyvmU+8QXIjhn2JC+n+OaKlQ05n7faEcNS+Ebv2Q1nUYthA7jVLZv/V8PCPg65JUQj2ALw+IM4J9wuIHanTkK7yknpF5ThjAz6HSF11rEVcpm/9vzSWKXOzTM/ucKbTiyRbps1HgozNYJtqXVaVpO1moPZ24xHbsdTfTzU98cpwxMRFVj5MBRm/GvnmXB5u5QJjTJOe6DdxNE3qwJCckYjJ9rTIjJzSl9NwGtH9+3kuBz8SPxHbKplDC517M0Ag99G9bqGoHpgyETRf32a4hvDVsWMlnCEWG4+RtABCgwsIeEZqc5JiSYRQZnIV2jrN7CJ4t8sugplgyIVBtCk1MJC20/lXOPXTk49T9x2wLRuKHShZo459aT44xSOVN1MD6O1luwx846o9Q28qEyqJWnFLkrDpPG2y1iVbvte63G6HagvcZQeEFCYQf+wWWM9Q5pr+gKt+iY6NOFZKkqlB+WOmvdfZKD/iUtwU= sles@k3ai-host-1\n\nntp:\n  enabled: true\n  ntp_client: chrony\n  config:\n    confpath: /etc/chrony.conf\n  servers:\n    - 0.novell.pool.ntp.org\n    - 1.novell.pool.ntp.org\n    - 2.novell.pool.ntp.org\n    - 3.novell.pool.ntp.org\n\n#packages:\n\nbootcmd:\n  - ip link set dev eth0 mtu 1400\n  # Hostnames from DHCP - otherwise localhost will be used\n  - /usr/bin/sed -ie \"s#DHCLIENT_SET_HOSTNAME=\\\"no\\\"#DHCLIENT_SET_HOSTNAME=\\\"yes\\\"#\" /etc/sysconfig/network/dhcp\n  - netconfig update -f\n\nruncmd:\n  - [ zypper, -n, update ]\n  - [ zypper, -n, install, wget, kernel-default, -kernel-default-base, which ]\n  - [ reboot ]\n\n\nfinal_message: \"The system is finally up, after $UPTIME seconds\"\n"
          },
          "private": "bnVsbA=="
        },
        {
          "index_key": 1,
          "schema_version": 0,
          "attributes": {
            "id": "/var/lib/libvirt/images/cancun-agent-cloudinit-disk-1;603405b4-868b-3015-4fa7-13d27013ba73",
            "meta_data": "",
            "name": "cancun-agent-cloudinit-disk-1",
            "network_config": "",
            "pool": "default",
            "user_data": "#cloud-config\n\n# set locale\nlocale: en_US.UTF-8\n\n# set timezone\ntimezone: Etc/UTC\n\n# set root password\nchpasswd:\n  list: |\n    root:SUSE-linux\n    opensuse:SUSE-linux\n  expire: False\n\nssh_authorized_keys:\n  - ssh-rsa AAAAB3NzaC1yc2EAAAADAQABAAABgQC1PluS3uR9V5xoT69/102mJJnzaL+FzyvmU+8QXIjhn2JC+n+OaKlQ05n7faEcNS+Ebv2Q1nUYthA7jVLZv/V8PCPg65JUQj2ALw+IM4J9wuIHanTkK7yknpF5ThjAz6HSF11rEVcpm/9vzSWKXOzTM/ucKbTiyRbps1HgozNYJtqXVaVpO1moPZ24xHbsdTfTzU98cpwxMRFVj5MBRm/GvnmXB5u5QJjTJOe6DdxNE3qwJCckYjJ9rTIjJzSl9NwGtH9+3kuBz8SPxHbKplDC517M0Ag99G9bqGoHpgyETRf32a4hvDVsWMlnCEWG4+RtABCgwsIeEZqc5JiSYRQZnIV2jrN7CJ4t8sugplgyIVBtCk1MJC20/lXOPXTk49T9x2wLRuKHShZo459aT44xSOVN1MD6O1luwx846o9Q28qEyqJWnFLkrDpPG2y1iVbvte63G6HagvcZQeEFCYQf+wWWM9Q5pr+gKt+iY6NOFZKkqlB+WOmvdfZKD/iUtwU= sles@k3ai-host-1\n\nntp:\n  enabled: true\n  ntp_client: chrony\n  config:\n    confpath: /etc/chrony.conf\n  servers:\n    - 0.novell.pool.ntp.org\n    - 1.novell.pool.ntp.org\n    - 2.novell.pool.ntp.org\n    - 3.novell.pool.ntp.org\n\n#packages:\n\nbootcmd:\n  - ip link set dev eth0 mtu 1400\n  # Hostnames from DHCP - otherwise localhost will be used\n  - /usr/bin/sed -ie \"s#DHCLIENT_SET_HOSTNAME=\\\"no\\\"#DHCLIENT_SET_HOSTNAME=\\\"yes\\\"#\" /etc/sysconfig/network/dhcp\n  - netconfig update -f\n\nruncmd:\n  - [ zypper, -n, update ]\n  - [ zypper, -n, install, wget, kernel-default, -kernel-default-base, which ]\n  - [ reboot ]\n\n\nfinal_message: \"The system is finally up, after $UPTIME seconds\"\n"
          },
          "private": "bnVsbA=="
        }
      ]
    },
    {
      "mode": "managed",
      "type": "libvirt_cloudinit_disk",
      "name": "server",
      "each": "list",
      "provider": "provider.libvirt",
      "instances": [
        {
          "index_key": 0,
          "schema_version": 0,
          "attributes": {
            "id": "/var/lib/libvirt/images/cancun-server-cloudinit-disk-0;603405b4-cf78-c424-88df-353299642063",
            "meta_data": "",
            "name": "cancun-server-cloudinit-disk-0",
            "network_config": "",
            "pool": "default",
            "user_data": "#cloud-config\n\n# set locale\nlocale: en_US.UTF-8\n\n# set timezone\ntimezone: Etc/UTC\n\n# set root password\nchpasswd:\n  list: |\n    root:SUSE-linux\n    opensuse:SUSE-linux\n  expire: False\n\nssh_authorized_keys:\n  - ssh-rsa AAAAB3NzaC1yc2EAAAADAQABAAABgQC1PluS3uR9V5xoT69/102mJJnzaL+FzyvmU+8QXIjhn2JC+n+OaKlQ05n7faEcNS+Ebv2Q1nUYthA7jVLZv/V8PCPg65JUQj2ALw+IM4J9wuIHanTkK7yknpF5ThjAz6HSF11rEVcpm/9vzSWKXOzTM/ucKbTiyRbps1HgozNYJtqXVaVpO1moPZ24xHbsdTfTzU98cpwxMRFVj5MBRm/GvnmXB5u5QJjTJOe6DdxNE3qwJCckYjJ9rTIjJzSl9NwGtH9+3kuBz8SPxHbKplDC517M0Ag99G9bqGoHpgyETRf32a4hvDVsWMlnCEWG4+RtABCgwsIeEZqc5JiSYRQZnIV2jrN7CJ4t8sugplgyIVBtCk1MJC20/lXOPXTk49T9x2wLRuKHShZo459aT44xSOVN1MD6O1luwx846o9Q28qEyqJWnFLkrDpPG2y1iVbvte63G6HagvcZQeEFCYQf+wWWM9Q5pr+gKt+iY6NOFZKkqlB+WOmvdfZKD/iUtwU= sles@k3ai-host-1\n\nntp:\n  enabled: true\n  ntp_client: chrony\n  config:\n    confpath: /etc/chrony.conf\n  servers:\n    - 0.novell.pool.ntp.org\n    - 1.novell.pool.ntp.org\n    - 2.novell.pool.ntp.org\n    - 3.novell.pool.ntp.org\n\n#packages:\n\nbootcmd:\n  - ip link set dev eth0 mtu 1400\n  # Hostnames from DHCP - otherwise localhost will be used\n  - /usr/bin/sed -ie \"s#DHCLIENT_SET_HOSTNAME=\\\"no\\\"#DHCLIENT_SET_HOSTNAME=\\\"yes\\\"#\" /etc/sysconfig/network/dhcp\n  - netconfig update -f\n\nruncmd:\n  - [ zypper, -n, update ]\n  - [ zypper, -n, install, wget, kernel-default, -kernel-default-base, which ]\n  - [ reboot ]\n\n\nfinal_message: \"The system is finally up, after $UPTIME seconds\"\n"
          },
          "private": "bnVsbA=="
        }
      ]
    },
    {
      "mode": "managed",
      "type": "libvirt_domain",
      "name": "agent",
      "each": "list",
      "provider": "provider.libvirt",
      "instances": [
        {
          "index_key": 0,
          "schema_version": 0,
          "attributes": {
            "arch": "x86_64",
            "autostart": false,
            "boot_device": [],
            "cloudinit": "/var/lib/libvirt/images/cancun-agent-cloudinit-disk-0;603405b4-cf86-60e5-8c04-4df9938a25b6",
            "cmdline": null,
            "console": [],
            "coreos_ignition": null,
            "cpu": {
              "mode": "host-passthrough"
            },
            "description": "",
            "disk": [
              {
                "block_device": "",
                "file": "",
                "scsi": false,
                "url": "",
                "volume_id": "/var/lib/libvirt/images/cancun-agent-volume-0",
                "wwn": ""
              }
            ],
            "emulator": "/usr/bin/qemu-system-x86_64",
            "filesystem": [],
            "firmware": "",
            "fw_cfg_name": "opt/com.coreos/config",
            "graphics": [
              {
                "autoport": true,
                "listen_address": "127.0.0.1",
                "listen_type": "address",
                "type": "vnc"
              }
            ],
            "id": "ad1466e9-57b4-438b-8a7a-e1d4be1418ac",
            "initrd": "",
            "kernel": "",
            "machine": "pc",
            "memory": 4096,
            "metadata": null,
            "name": "cancun-agent-0",
            "network_interface": [
              {
                "addresses": [
                  "10.111.5.14"
                ],
                "bridge": "",
                "hostname": "cancun-agent-0",
                "mac": "52:54:00:66:3F:BA",
                "macvtap": "",
                "network_id": "9dd7e171-0280-48b0-8c05-902c92ea1642",
                "network_name": "cancun-network",
                "passthrough": "",
                "vepa": "",
                "wait_for_lease": true
              }
            ],
            "nvram": [],
            "qemu_agent": false,
            "running": true,
            "timeouts": null,
            "vcpu": 4,
            "video": [],
            "xml": []
          },
          "private": "eyJlMmJmYjczMC1lY2FhLTExZTYtOGY4OC0zNDM2M2JjN2M0YzAiOnsiY3JlYXRlIjozMDAwMDAwMDAwMDB9fQ==",
          "dependencies": [
            "libvirt_cloudinit_disk.agent",
            "libvirt_network.network",
            "libvirt_volume.agent",
            "libvirt_volume.img"
          ]
        },
        {
          "index_key": 1,
          "schema_version": 0,
          "attributes": {
            "arch": "x86_64",
            "autostart": false,
            "boot_device": [],
            "cloudinit": "/var/lib/libvirt/images/cancun-agent-cloudinit-disk-1;603405b4-868b-3015-4fa7-13d27013ba73",
            "cmdline": null,
            "console": [],
            "coreos_ignition": null,
            "cpu": {
              "mode": "host-passthrough"
            },
            "description": "",
            "disk": [
              {
                "block_device": "",
                "file": "",
                "scsi": false,
                "url": "",
                "volume_id": "/var/lib/libvirt/images/cancun-agent-volume-1",
                "wwn": ""
              }
            ],
            "emulator": "/usr/bin/qemu-system-x86_64",
            "filesystem": [],
            "firmware": "",
            "fw_cfg_name": "opt/com.coreos/config",
            "graphics": [
              {
                "autoport": true,
                "listen_address": "127.0.0.1",
                "listen_type": "address",
                "type": "vnc"
              }
            ],
            "id": "83a70770-54e0-42c7-ac64-d3d4a40e48eb",
            "initrd": "",
            "kernel": "",
            "machine": "pc",
            "memory": 4096,
            "metadata": null,
            "name": "cancun-agent-1",
            "network_interface": [
              {
                "addresses": [
                  "10.111.5.15"
                ],
                "bridge": "",
                "hostname": "cancun-agent-1",
                "mac": "52:54:00:9A:6F:E0",
                "macvtap": "",
                "network_id": "9dd7e171-0280-48b0-8c05-902c92ea1642",
                "network_name": "cancun-network",
                "passthrough": "",
                "vepa": "",
                "wait_for_lease": true
              }
            ],
            "nvram": [],
            "qemu_agent": false,
            "running": true,
            "timeouts": null,
            "vcpu": 4,
            "video": [],
            "xml": []
          },
          "private": "eyJlMmJmYjczMC1lY2FhLTExZTYtOGY4OC0zNDM2M2JjN2M0YzAiOnsiY3JlYXRlIjozMDAwMDAwMDAwMDB9fQ==",
          "dependencies": [
            "libvirt_cloudinit_disk.agent",
            "libvirt_network.network",
            "libvirt_volume.agent",
            "libvirt_volume.img"
          ]
        }
      ]
    },
    {
      "mode": "managed",
      "type": "libvirt_domain",
      "name": "server",
      "each": "list",
      "provider": "provider.libvirt",
      "instances": [
        {
          "index_key": 0,
          "schema_version": 0,
          "attributes": {
            "arch": "x86_64",
            "autostart": false,
            "boot_device": [],
            "cloudinit": "/var/lib/libvirt/images/cancun-server-cloudinit-disk-0;603405b4-cf78-c424-88df-353299642063",
            "cmdline": null,
            "console": [],
            "coreos_ignition": null,
            "cpu": {
              "mode": "host-passthrough"
            },
            "description": "",
            "disk": [
              {
                "block_device": "",
                "file": "",
                "scsi": false,
                "url": "",
                "volume_id": "/var/lib/libvirt/images/cancun-server-volume-0",
                "wwn": ""
              }
            ],
            "emulator": "/usr/bin/qemu-system-x86_64",
            "filesystem": [],
            "firmware": "",
            "fw_cfg_name": "opt/com.coreos/config",
            "graphics": [
              {
                "autoport": true,
                "listen_address": "127.0.0.1",
                "listen_type": "address",
                "type": "vnc"
              }
            ],
            "id": "2697e57d-468e-4637-91b9-e1e50e913026",
            "initrd": "",
            "kernel": "",
            "machine": "pc",
            "memory": 2048,
            "metadata": null,
            "name": "cancun-server-0",
            "network_interface": [
              {
                "addresses": [
                  "10.111.5.11"
                ],
                "bridge": "",
                "hostname": "cancun-server-0",
                "mac": "52:54:00:96:55:5C",
                "macvtap": "",
                "network_id": "9dd7e171-0280-48b0-8c05-902c92ea1642",
                "network_name": "cancun-network",
                "passthrough": "",
                "vepa": "",
                "wait_for_lease": true
              }
            ],
            "nvram": [],
            "qemu_agent": false,
            "running": true,
            "timeouts": null,
            "vcpu": 2,
            "video": [],
            "xml": []
          },
          "private": "eyJlMmJmYjczMC1lY2FhLTExZTYtOGY4OC0zNDM2M2JjN2M0YzAiOnsiY3JlYXRlIjozMDAwMDAwMDAwMDB9fQ==",
          "dependencies": [
            "libvirt_cloudinit_disk.server",
            "libvirt_network.network",
            "libvirt_volume.img",
            "libvirt_volume.server"
          ]
        }
      ]
    },
    {
      "mode": "managed",
      "type": "libvirt_network",
      "name": "network",
      "provider": "provider.libvirt",
      "instances": [
        {
          "schema_version": 0,
          "attributes": {
            "addresses": [
              "10.111.5.0/24"
            ],
            "autostart": false,
            "bridge": "virbr1",
            "dhcp": [],
            "dns": [
              {
                "enabled": true,
                "forwarders": [],
                "hosts": [],
                "local_only": false,
                "srvs": []
              }
            ],
            "domain": "sandbox.local",
            "id": "9dd7e171-0280-48b0-8c05-902c92ea1642",
            "mode": "nat",
            "mtu": null,
            "name": "cancun-network",
            "routes": [],
            "xml": []
          },
          "private": "bnVsbA=="
        }
      ]
    },
    {
      "mode": "managed",
      "type": "libvirt_volume",
      "name": "agent",
      "each": "list",
      "provider": "provider.libvirt",
      "instances": [
        {
          "index_key": 0,
          "schema_version": 0,
          "attributes": {
            "base_volume_id": "/var/lib/libvirt/images/cancun-openSUSE-Leap-15.2-JeOS.x86_64-15.2-OpenStack-Cloud-Build31.348.qcow2",
            "base_volume_name": null,
            "base_volume_pool": null,
            "format": "qcow2",
            "id": "/var/lib/libvirt/images/cancun-agent-volume-0",
            "name": "cancun-agent-volume-0",
            "pool": "default",
            "size": 25769803776,
            "source": null,
            "xml": []
          },
          "private": "bnVsbA==",
          "dependencies": [
            "libvirt_volume.img"
          ]
        },
        {
          "index_key": 1,
          "schema_version": 0,
          "attributes": {
            "base_volume_id": "/var/lib/libvirt/images/cancun-openSUSE-Leap-15.2-JeOS.x86_64-15.2-OpenStack-Cloud-Build31.348.qcow2",
            "base_volume_name": null,
            "base_volume_pool": null,
            "format": "qcow2",
            "id": "/var/lib/libvirt/images/cancun-agent-volume-1",
            "name": "cancun-agent-volume-1",
            "pool": "default",
            "size": 25769803776,
            "source": null,
            "xml": []
          },
          "private": "bnVsbA==",
          "dependencies": [
            "libvirt_volume.img"
          ]
        }
      ]
    },
    {
      "mode": "managed",
      "type": "libvirt_volume",
      "name": "img",
      "provider": "provider.libvirt",
      "instances": [
        {
          "schema_version": 0,
          "attributes": {
            "base_volume_id": null,
            "base_volume_name": null,
            "base_volume_pool": null,
            "format": "qcow2",
            "id": "/var/lib/libvirt/images/cancun-openSUSE-Leap-15.2-JeOS.x86_64-15.2-OpenStack-Cloud-Build31.348.qcow2",
            "name": "cancun-openSUSE-Leap-15.2-JeOS.x86_64-15.2-OpenStack-Cloud-Build31.348.qcow2",
            "pool": "default",
            "size": 1073741824,
            "source": "images/openSUSE-Leap-15.2-JeOS.x86_64-15.2-OpenStack-Cloud-Build31.348.qcow2",
            "xml": []
          },
          "private": "bnVsbA=="
        }
      ]
    },
    {
      "mode": "managed",
      "type": "libvirt_volume",
      "name": "server",
      "each": "list",
      "provider": "provider.libvirt",
      "instances": [
        {
          "index_key": 0,
          "schema_version": 0,
          "attributes": {
            "base_volume_id": "/var/lib/libvirt/images/cancun-openSUSE-Leap-15.2-JeOS.x86_64-15.2-OpenStack-Cloud-Build31.348.qcow2",
            "base_volume_name": null,
            "base_volume_pool": null,
            "format": "qcow2",
            "id": "/var/lib/libvirt/images/cancun-server-volume-0",
            "name": "cancun-server-volume-0",
            "pool": "default",
            "size": 25769803776,
            "source": null,
            "xml": []
          },
          "private": "bnVsbA==",
          "dependencies": [
            "libvirt_volume.img"
          ]
        }
      ]
    },
    {
      "mode": "managed",
      "type": "rancher2_cluster",
      "name": "k3s-cluster-instance",
      "provider": "provider.rancher2",
      "instances": [
        {
          "schema_version": 1,
          "attributes": {
            "aks_config": [],
            "annotations": {
              "authz.management.cattle.io/creator-role-bindings": "{\"created\":[\"cluster-owner\"],\"required\":[\"cluster-owner\"]}",
              "lifecycle.cattle.io/create.cluster-agent-controller-cleanup": "true",
              "lifecycle.cattle.io/create.cluster-scoped-gc": "true",
              "lifecycle.cattle.io/create.mgmt-cluster-rbac-remove": "true"
            },
            "ca_cert": null,
            "cluster_auth_endpoint": [
              {
                "ca_certs": "",
                "enabled": false,
                "fqdn": ""
              }
            ],
            "cluster_monitoring_input": [],
            "cluster_registration_token": [
              {
                "annotations": {},
                "cluster_id": "c-s97t6",
                "command": "kubectl apply -f https://rancher.susealliances.com/v3/import/95fmbt7jccbdwqdhfxwdhrvpvffpfp662gdpxnzggz629sh62psjr2.yaml",
                "id": "c-s97t6:system",
                "insecure_command": "curl --insecure -sfL https://rancher.susealliances.com/v3/import/95fmbt7jccbdwqdhfxwdhrvpvffpfp662gdpxnzggz629sh62psjr2.yaml | kubectl apply -f -",
                "labels": {
                  "cattle.io/creator": "norman"
                },
                "manifest_url": "https://rancher.susealliances.com/v3/import/95fmbt7jccbdwqdhfxwdhrvpvffpfp662gdpxnzggz629sh62psjr2.yaml",
                "name": "system",
                "node_command": "sudo docker run -d --privileged --restart=unless-stopped --net=host -v /etc/kubernetes:/etc/kubernetes -v /var/run:/var/run rancher/rancher-agent:v2.5.3 --server https://rancher.susealliances.com --token 95fmbt7jccbdwqdhfxwdhrvpvffpfp662gdpxnzggz629sh62psjr2",
                "token": "95fmbt7jccbdwqdhfxwdhrvpvffpfp662gdpxnzggz629sh62psjr2",
                "windows_node_command": "PowerShell -NoLogo -NonInteractive -Command \"\u0026 {docker run -v c:\\:c:\\host rancher/rancher-agent:v2.5.3 bootstrap --server https://rancher.susealliances.com --token 95fmbt7jccbdwqdhfxwdhrvpvffpfp662gdpxnzggz629sh62psjr2 | iex}\""
              }
            ],
            "cluster_template_answers": null,
            "cluster_template_id": null,
            "cluster_template_questions": null,
            "cluster_template_revision_id": null,
            "default_pod_security_policy_template_id": null,
            "default_project_id": "c-s97t6:p-6kg4k",
            "description": "K3s imported cluster",
            "desired_agent_image": null,
            "desired_auth_image": null,
            "docker_root_dir": "/var/lib/docker",
            "driver": "",
            "eks_config": [],
            "eks_config_v2": [],
            "enable_cluster_alerting": false,
            "enable_cluster_istio": null,
            "enable_cluster_monitoring": false,
            "enable_network_policy": false,
            "gke_config": [],
            "id": "c-s97t6",
            "istio_enabled": false,
            "k3s_config": [],
            "kube_config": "apiVersion: v1\nkind: Config\nclusters:\n- name: \"k3ai-cancun\"\n  cluster:\n    server: \"https://rancher.susealliances.com/k8s/clusters/c-s97t6\"\n\nusers:\n- name: \"k3ai-cancun\"\n  user:\n    token: \"kubeconfig-u-z52kh:zwnwjkgkdp7b6xvggt6r8ddc5jdr7s9kkg5gx292j4j57h8n6wcwkx\"\n\n\ncontexts:\n- name: \"k3ai-cancun\"\n  context:\n    user: \"k3ai-cancun\"\n    cluster: \"k3ai-cancun\"\n\ncurrent-context: \"k3ai-cancun\"\n",
            "labels": {
              "cattle.io/creator": "norman",
              "fleet.cattle.io/cluster-name": "c-s97t6"
            },
            "name": "k3ai-cancun",
            "oke_config": [],
            "rke_config": [],
            "scheduled_cluster_scan": null,
            "system_project_id": "c-s97t6:p-p4ghx",
            "timeouts": null,
            "windows_prefered_cluster": false
          },
          "private": "eyJlMmJmYjczMC1lY2FhLTExZTYtOGY4OC0zNDM2M2JjN2M0YzAiOnsiY3JlYXRlIjoxODAwMDAwMDAwMDAwLCJkZWxldGUiOjE4MDAwMDAwMDAwMDAsInVwZGF0ZSI6MTgwMDAwMDAwMDAwMH0sInNjaGVtYV92ZXJzaW9uIjoiMSJ9"
        }
      ]
    }
  ]
}
